<?xml version="1.0" encoding="UTF-8"?>
<Scheme
   LastUpgradeVersion="2600"
   version="1.7">
   <BuildAction
      parallelizeBuildables="YES"
      buildImplicitDependencies="YES">
      <BuildActionEntries>
         <BuildActionEntry
            buildForTesting="YES"
            buildForRunning="YES"
            buildForProfiling="YES"
            buildForArchiving="YES"
            buildForAnalyzing="YES">
            <BuildableReference
               BuildableIdentifier="primary"
               BlueprintIdentifier="DE1B9F052FEB74250042F227"
               BuildableName="ui.app"
               BlueprintName="ui"
               ReferencedContainer="container:ui.xcodeproj"/>
         </BuildActionEntry>
      </BuildActionEntries>
   </BuildAction>
   <TestAction
      buildConfiguration="Debug"
      selectedDebuggerIdentifier="Xcode.DebuggerFoundation.Debugger.LLDB"
      selectedLauncherIdentifier="Xcode.DebuggerFoundation.Launcher.LLDB"
      shouldUseLaunchSchemeArgsEnv="YES">
      <Testables>
         <TestableReference
            skipped="NO">
            <BuildableReference
               BuildableIdentifier="primary"
               BlueprintIdentifier="DE1B9F122FEB74260042F227"
               BuildableName="uiTests.xctest"
               BlueprintName="uiTests"
               ReferencedContainer="container:ui.xcodeproj"/>
         </TestableReference>
         <TestableReference
            skipped="NO">
            <BuildableReference
               BuildableIdentifier="primary"
               BlueprintIdentifier="DE1B9F1C2FEB74260042F227"
               BuildableName="uiUITests.xctest"
               BlueprintName="uiUITests"
               ReferencedContainer="container:ui.xcodeproj"/>
         </TestableReference>
      </Testables>
      <MacroExpansion>
         <BuildableReference
            BuildableIdentifier="primary"
            BlueprintIdentifier="DE1B9F052FEB74250042F227"
            BuildableName="ui.app"
            BlueprintName="ui"
            ReferencedContainer="container:ui.xcodeproj"/>
      </MacroExpansion>
   </TestAction>
   <LaunchAction
      buildConfiguration="Debug"
      selectedDebuggerIdentifier="Xcode.DebuggerFoundation.Debugger.LLDB"
      selectedLauncherIdentifier="Xcode.DebuggerFoundation.Launcher.LLDB"
      launchStyle="0"
      useCustomWorkingDirectory="NO"
      ignoresPersistentStateOnLaunch="NO"
      debugDocumentVersioning="YES"
      debugServiceExtension="internal"
      allowLocationSimulation="NO">
      <BuildableProductRunnable>
         <BuildableReference
            BuildableIdentifier="primary"
            BlueprintIdentifier="DE1B9F052FEB74250042F227"
            BuildableName="ui.app"
            BlueprintName="ui"
            ReferencedContainer="container:ui.xcodeproj"/>
      </BuildableProductRunnable>
      <EnvironmentVariables>
         <EnvironmentVariable
            key="DEBUG_ENABLED"
            value="true"
            isEnabled="YES"/>
      </EnvironmentVariables>
   </LaunchAction>
   <ProfileAction
      buildConfiguration="Release"
      shouldUseLaunchSchemeArgsEnv="YES"
      savedToolIdentifier=""
      useCustomWorkingDirectory="NO"
      debugDocumentVersioning="YES">
      <BuildableProductRunnable>
         <BuildableReference
            BuildableIdentifier="primary"
            BlueprintIdentifier="DE1B9F052FEB74250042F227"
            BuildableName="ui.app"
            BlueprintName="ui"
            ReferencedContainer="container:ui.xcodeproj"/>
      </BuildableProductRunnable>
   </ProfileAction>
   <AnalyzeAction
      buildConfiguration="Debug"/>
   <ArchiveAction
      buildConfiguration="Release"
      revealArchiveInOrganizer="YES"/>
</Scheme>
