// !$*UTF8*$!
{
	archiveVersion = 1;
	classes = {
	};
	objectVersion = 110;
	objects = {

/* Begin PBXBuildFile section */
		DE1B9F362FEB7AE80042F227 /* LLMAgentClient in Frameworks */ = {isa = PBXBuildFile; productRef = DE1B9F352FEB7AE80042F227 /* LLMAgentClient */; };
/* End PBXBuildFile section */

/* Begin PBXContainerItemProxy section */
		DE1B9F142FEB74260042F227 /* PBXContainerItemProxy */ = {
			isa = PBXContainerItemProxy;
			containerPortal = DE1B9EFE2FEB74250042F227 /* Project object */;
			proxyType = 1;
			remoteGlobalIDString = DE1B9F052FEB74250042F227;
			remoteInfo = ui;
		};
		DE1B9F1E2FEB74260042F227 /* PBXContainerItemProxy */ = {
			isa = PBXContainerItemProxy;
			containerPortal = DE1B9EFE2FEB74250042F227 /* Project object */;
			proxyType = 1;
			remoteGlobalIDString = DE1B9F052FEB74250042F227;
			remoteInfo = ui;
		};
/* End PBXContainerItemProxy section */

/* Begin PBXFileReference section */
		DE1B9F062FEB74250042F227 /* ui.app */ = {isa = PBXFileReference; explicitFileType = wrapper.application; includeInIndex = 0; path = ui.app; sourceTree = BUILT_PRODUCTS_DIR; };
		DE1B9F132FEB74260042F227 /* uiTests.xctest */ = {isa = PBXFileReference; explicitFileType = wrapper.cfbundle; includeInIndex = 0; path = uiTests.xctest; sourceTree = BUILT_PRODUCTS_DIR; };
		DE1B9F1D2FEB74260042F227 /* uiUITests.xctest */ = {isa = PBXFileReference; explicitFileType = wrapper.cfbundle; includeInIndex = 0; path = uiUITests.xctest; sourceTree = BUILT_PRODUCTS_DIR; };
/* End PBXFileReference section */

/* Begin PBXFileSystemSynchronizedRootGroup section */
		DE1B9F082FEB74250042F227 /* ui */ = {
			isa = PBXFileSystemSynchronizedRootGroup;
			path = ui;
			sourceTree = "<group>";
		};
		DE1B9F162FEB74260042F227 /* uiTests */ = {
			isa = PBXFileSystemSynchronizedRootGroup;
			path = uiTests;
			sourceTree = "<group>";
		};
		DE1B9F202FEB74260042F227 /* uiUITests */ = {
			isa = PBXFileSystemSynchronizedRootGroup;
			path = uiUITests;
			sourceTree = "<group>";
		};
/* End PBXFileSystemSynchronizedRootGroup section */

/* Begin PBXFrameworksBuildPhase section */
		DE1B9F032FEB74250042F227 /* Frameworks */ = {
			isa = PBXFrameworksBuildPhase;
			files = (
				DE1B9F362FEB7AE80042F227 /* LLMAgentClient in Frameworks */,
			);
		};
		DE1B9F102FEB74260042F227 /* Frameworks */ = {
			isa = PBXFrameworksBuildPhase;
			files = (
			);
		};
		DE1B9F1A2FEB74260042F227 /* Frameworks */ = {
			isa = PBXFrameworksBuildPhase;
			files = (
			);
		};
/* End PBXFrameworksBuildPhase section */

/* Begin PBXGroup section */
		DE1B9EFD2FEB74250042F227 = {
			isa = PBXGroup;
			children = (
				DE1B9F082FEB74250042F227 /* ui */,
				DE1B9F162FEB74260042F227 /* uiTests */,
				DE1B9F202FEB74260042F227 /* uiUITests */,
				DE1B9F072FEB74250042F227 /* Products */,
			);
			sourceTree = "<group>";
		};
		DE1B9F072FEB74250042F227 /* Products */ = {
			isa = PBXGroup;
			children = (
				DE1B9F062FEB74250042F227 /* ui.app */,
				DE1B9F132FEB74260042F227 /* uiTests.xctest */,
				DE1B9F1D2FEB74260042F227 /* uiUITests.xctest */,
			);
			name = Products;
			sourceTree = "<group>";
		};
/* End PBXGroup section */

/* Begin PBXNativeTarget section */
		DE1B9F052FEB74250042F227 /* ui */ = {
			isa = PBXNativeTarget;
			buildConfigurationList = DE1B9F252FEB74260042F227 /* Build configuration list for PBXNativeTarget "ui" */;
			buildPhases = (
				DE1B9F022FEB74250042F227 /* Sources */,
				DE1B9F032FEB74250042F227 /* Frameworks */,
				DE1B9F042FEB74250042F227 /* Resources */,
			);
			buildRules = (
			);
			fileSystemSynchronizedGroups = (
				DE1B9F082FEB74250042F227 /* ui */,
			);
			name = ui;
			packageProductDependencies = (
				DE1B9F352FEB7AE80042F227 /* LLMAgentClient */,
			);
			productName = ui;
			productReference = DE1B9F062FEB74250042F227 /* ui.app */;
			productType = "com.apple.product-type.application";
		};
		DE1B9F122FEB74260042F227 /* uiTests */ = {
			isa = PBXNativeTarget;
			buildConfigurationList = DE1B9F282FEB74260042F227 /* Build configuration list for PBXNativeTarget "uiTests" */;
			buildPhases = (
				DE1B9F0F2FEB74260042F227 /* Sources */,
				DE1B9F102FEB74260042F227 /* Frameworks */,
				DE1B9F112FEB74260042F227 /* Resources */,
			);
			buildRules = (
			);
			dependencies = (
				DE1B9F152FEB74260042F227 /* PBXTargetDependency */,
			);
			fileSystemSynchronizedGroups = (
				DE1B9F162FEB74260042F227 /* uiTests */,
			);
			name = uiTests;
			productName = uiTests;
			productReference = DE1B9F132FEB74260042F227 /* uiTests.xctest */;
			productType = "com.apple.product-type.bundle.unit-test";
		};
		DE1B9F1C2FEB74260042F227 /* uiUITests */ = {
			isa = PBXNativeTarget;
			buildConfigurationList = DE1B9F2B2FEB74260042F227 /* Build configuration list for PBXNativeTarget "uiUITests" */;
			buildPhases = (
				DE1B9F192FEB74260042F227 /* Sources */,
				DE1B9F1A2FEB74260042F227 /* Frameworks */,
				DE1B9F1B2FEB74260042F227 /* Resources */,
			);
			buildRules = (
			);
			dependencies = (
				DE1B9F1F2FEB74260042F227 /* PBXTargetDependency */,
			);
			fileSystemSynchronizedGroups = (
				DE1B9F202FEB74260042F227 /* uiUITests */,
			);
			name = uiUITests;
			productName = uiUITests;
			productReference = DE1B9F1D2FEB74260042F227 /* uiUITests.xctest */;
			productType = "com.apple.product-type.bundle.ui-testing";
		};
/* End PBXNativeTarget section */

/* Begin PBXProject section */
		DE1B9EFE2FEB74250042F227 /* Project object */ = {
			isa = PBXProject;
			attributes = {
				BuildIndependentTargetsInParallel = 1;
				LastSwiftUpdateCheck = 2700;
				LastUpgradeCheck = 2700;
				TargetAttributes = {
					DE1B9F052FEB74250042F227 = {
						CreatedOnToolsVersion = 27.0;
					};
					DE1B9F122FEB74260042F227 = {
						CreatedOnToolsVersion = 27.0;
						TestTargetID = DE1B9F052FEB74250042F227;
					};
					DE1B9F1C2FEB74260042F227 = {
						CreatedOnToolsVersion = 27.0;
						TestTargetID = DE1B9F052FEB74250042F227;
					};
				};
			};
			buildConfigurationList = DE1B9F012FEB74250042F227 /* Build configuration list for PBXProject "ui" */;
			developmentRegion = en;
			hasScannedForEncodings = 0;
			knownRegions = (
				en,
				Base,
			);
			mainGroup = DE1B9EFD2FEB74250042F227;
			minimizedProjectReferenceProxies = 1;
			packageReferences = (
				DE1B9F342FEB7AE80042F227 /* XCLocalSwiftPackageReference "../packages/LLMAgentClient" */,
			);
			preferredProjectObjectVersion = 77;
			productRefGroup = DE1B9F072FEB74250042F227 /* Products */;
			projectDirPath = "";
			projectRoot = "";
			targets = (
				DE1B9F052FEB74250042F227 /* ui */,
				DE1B9F122FEB74260042F227 /* uiTests */,
				DE1B9F1C2FEB74260042F227 /* uiUITests */,
			);
		};
/* End PBXProject section */

/* Begin PBXResourcesBuildPhase section */
		DE1B9F042FEB74250042F227 /* Resources */ = {
			isa = PBXResourcesBuildPhase;
			files = (
			);
		};
		DE1B9F112FEB74260042F227 /* Resources */ = {
			isa = PBXResourcesBuildPhase;
			files = (
			);
		};
		DE1B9F1B2FEB74260042F227 /* Resources */ = {
			isa = PBXResourcesBuildPhase;
			files = (
			);
		};
/* End PBXResourcesBuildPhase section */

/* Begin PBXSourcesBuildPhase section */
		DE1B9F022FEB74250042F227 /* Sources */ = {
			isa = PBXSourcesBuildPhase;
			files = (
			);
		};
		DE1B9F0F2FEB74260042F227 /* Sources */ = {
			isa = PBXSourcesBuildPhase;
			files = (
			);
		};
		DE1B9F192FEB74260042F227 /* Sources */ = {
			isa = PBXSourcesBuildPhase;
			files = (
			);
		};
/* End PBXSourcesBuildPhase section */

/* Begin PBXTargetDependency section */
		DE1B9F152FEB74260042F227 /* PBXTargetDependency */ = {
			isa = PBXTargetDependency;
			target = DE1B9F052FEB74250042F227 /* ui */;
			targetProxy = DE1B9F142FEB74260042F227 /* PBXContainerItemProxy */;
		};
		DE1B9F1F2FEB74260042F227 /* PBXTargetDependency */ = {
			isa = PBXTargetDependency;
			target = DE1B9F052FEB74250042F227 /* ui */;
			targetProxy = DE1B9F1E2FEB74260042F227 /* PBXContainerItemProxy */;
		};
/* End PBXTargetDependency section */

/* Begin XCBuildConfiguration section */
		DE1B9F232FEB74260042F227 /* Debug configuration for PBXProject "ui" */ = {
			isa = XCBuildConfiguration;
			buildSettings = {
				ALWAYS_SEARCH_USER_PATHS = NO;
				ASSETCATALOG_COMPILER_GENERATE_SWIFT_ASSET_SYMBOL_EXTENSIONS = YES;
				CLANG_ANALYZER_NONNULL = YES;
				CLANG_ANALYZER_NUMBER_OBJECT_CONVERSION = YES_AGGRESSIVE;
				CLANG_CXX_LANGUAGE_STANDARD = "gnu++20";
				CLANG_ENABLE_MODULES = YES;
				CLANG_ENABLE_OBJC_ARC = YES;
				CLANG_ENABLE_OBJC_WEAK = YES;
				CLANG_WARN_BLOCK_CAPTURE_AUTORELEASING = YES;
				CLANG_WARN_BOOL_CONVERSION = YES;
				CLANG_WARN_COMMA = YES;
				CLANG_WARN_CONSTANT_CONVERSION = YES;
				CLANG_WARN_DEPRECATED_OBJC_IMPLEMENTATIONS = YES;
				CLANG_WARN_DIRECT_OBJC_ISA_USAGE = YES_ERROR;
				CLANG_WARN_DOCUMENTATION_COMMENTS = YES;
				CLANG_WARN_EMPTY_BODY = YES;
				CLANG_WARN_ENUM_CONVERSION = YES;
				CLANG_WARN_INFINITE_RECURSION = YES;
				CLANG_WARN_INT_CONVERSION = YES;
				CLANG_WARN_NON_LITERAL_NULL_CONVERSION = YES;
				CLANG_WARN_OBJC_IMPLICIT_RETAIN_SELF = YES;
				CLANG_WARN_OBJC_LITERAL_CONVERSION = YES;
				CLANG_WARN_OBJC_ROOT_CLASS = YES_ERROR;
				CLANG_WARN_QUOTED_INCLUDE_IN_FRAMEWORK_HEADER = YES;
				CLANG_WARN_RANGE_LOOP_ANALYSIS = YES;
				CLANG_WARN_STRICT_PROTOTYPES = YES;
				CLANG_WARN_SUSPICIOUS_MOVE = YES;
				CLANG_WARN_UNGUARDED_AVAILABILITY = YES_AGGRESSIVE;
				CLANG_WARN_UNREACHABLE_CODE = YES;
				CLANG_WARN__DUPLICATE_METHOD_MATCH = YES;
				COPY_PHASE_STRIP = NO;
				DEBUG_INFORMATION_FORMAT = dwarf;
				ENABLE_STRICT_OBJC_MSGSEND = YES;
				ENABLE_TESTABILITY = YES;
				ENABLE_USER_SCRIPT_SANDBOXING = YES;
				GCC_C_LANGUAGE_STANDARD = gnu17;
				GCC_DYNAMIC_NO_PIC = NO;
				GCC_NO_COMMON_BLOCKS = YES;
				GCC_OPTIMIZATION_LEVEL = 0;
				GCC_PREPROCESSOR_DEFINITIONS = (
					"DEBUG=1",
					"$(inherited)",
				);
				GCC_WARN_64_TO_32_BIT_CONVERSION = YES;
				GCC_WARN_ABOUT_RETURN_TYPE = YES_ERROR;
				GCC_WARN_UNDECLARED_SELECTOR = YES;
				GCC_WARN_UNINITIALIZED_AUTOS = YES_AGGRESSIVE;
				GCC_WARN_UNUSED_FUNCTION = YES;
				GCC_WARN_UNUSED_VARIABLE = YES;
				LOCALIZATION_PREFERS_STRING_CATALOGS = YES;
				MACOSX_DEPLOYMENT_TARGET = 26.5;
				MTL_ENABLE_DEBUG_INFO = INCLUDE_SOURCE;
				MTL_FAST_MATH = YES;
				ONLY_ACTIVE_ARCH = YES;
				SDKROOT = macosx;
				SWIFT_ACTIVE_COMPILATION_CONDITIONS = "DEBUG $(inherited)";
				SWIFT_OPTIMIZATION_LEVEL = "-Onone";
			};
			name = Debug;
		};
		DE1B9F242FEB74260042F227 /* Release configuration for PBXProject "ui" */ = {
			isa = XCBuildConfiguration;
			buildSettings = {
				ALWAYS_SEARCH_USER_PATHS = NO;
				ASSETCATALOG_COMPILER_GENERATE_SWIFT_ASSET_SYMBOL_EXTENSIONS = YES;
				CLANG_ANALYZER_NONNULL = YES;
				CLANG_ANALYZER_NUMBER_OBJECT_CONVERSION = YES_AGGRESSIVE;
				CLANG_CXX_LANGUAGE_STANDARD = "gnu++20";
				CLANG_ENABLE_MODULES = YES;
				CLANG_ENABLE_OBJC_ARC = YES;
				CLANG_ENABLE_OBJC_WEAK = YES;
				CLANG_WARN_BLOCK_CAPTURE_AUTORELEASING = YES;
				CLANG_WARN_BOOL_CONVERSION = YES;
				CLANG_WARN_COMMA = YES;
				CLANG_WARN_CONSTANT_CONVERSION = YES;
				CLANG_WARN_DEPRECATED_OBJC_IMPLEMENTATIONS = YES;
				CLANG_WARN_DIRECT_OBJC_ISA_USAGE = YES_ERROR;
				CLANG_WARN_DOCUMENTATION_COMMENTS = YES;
				CLANG_WARN_EMPTY_BODY = YES;
				CLANG_WARN_ENUM_CONVERSION = YES;
				CLANG_WARN_INFINITE_RECURSION = YES;
				CLANG_WARN_INT_CONVERSION = YES;
				CLANG_WARN_NON_LITERAL_NULL_CONVERSION = YES;
				CLANG_WARN_OBJC_IMPLICIT_RETAIN_SELF = YES;
				CLANG_WARN_OBJC_LITERAL_CONVERSION = YES;
				CLANG_WARN_OBJC_ROOT_CLASS = YES_ERROR;
				CLANG_WARN_QUOTED_INCLUDE_IN_FRAMEWORK_HEADER = YES;
				CLANG_WARN_RANGE_LOOP_ANALYSIS = YES;
				CLANG_WARN_STRICT_PROTOTYPES = YES;
				CLANG_WARN_SUSPICIOUS_MOVE = YES;
				CLANG_WARN_UNGUARDED_AVAILABILITY = YES_AGGRESSIVE;
				CLANG_WARN_UNREACHABLE_CODE = YES;
				CLANG_WARN__DUPLICATE_METHOD_MATCH = YES;
				COPY_PHASE_STRIP = NO;
				DEBUG_INFORMATION_FORMAT = "dwarf-with-dsym";
				ENABLE_NS_ASSERTIONS = NO;
				ENABLE_STRICT_OBJC_MSGSEND = YES;
				ENABLE_USER_SCRIPT_SANDBOXING = YES;
				GCC_C_LANGUAGE_STANDARD = gnu17;
				GCC_NO_COMMON_BLOCKS = YES;
				GCC_WARN_64_TO_32_BIT_CONVERSION = YES;
				GCC_WARN_ABOUT_RETURN_TYPE = YES_ERROR;
				GCC_WARN_UNDECLARED_SELECTOR = YES;
				GCC_WARN_UNINITIALIZED_AUTOS = YES_AGGRESSIVE;
				GCC_WARN_UNUSED_FUNCTION = YES;
				GCC_WARN_UNUSED_VARIABLE = YES;
				LOCALIZATION_PREFERS_STRING_CATALOGS = YES;
				MACOSX_DEPLOYMENT_TARGET = 26.5;
				MTL_ENABLE_DEBUG_INFO = NO;
				MTL_FAST_MATH = YES;
				SDKROOT = macosx;
				SWIFT_COMPILATION_MODE = wholemodule;
			};
			name = Release;
		};
		DE1B9F262FEB74260042F227 /* Debug configuration for PBXNativeTarget "ui" */ = {
			isa = XCBuildConfiguration;
			buildSettings = {
				ASSETCATALOG_COMPILER_APPICON_NAME = AppIcon;
				ASSETCATALOG_COMPILER_GLOBAL_ACCENT_COLOR_NAME = AccentColor;
				CODE_SIGN_STYLE = Automatic;
				COMBINE_HIDPI_IMAGES = YES;
				CURRENT_PROJECT_VERSION = 1;
				ENABLE_APP_SANDBOX = YES;
				ENABLE_INCOMING_NETWORK_CONNECTIONS = NO;
				ENABLE_OUTGOING_NETWORK_CONNECTIONS = YES;
				ENABLE_PREVIEWS = YES;
				ENABLE_RESOURCE_ACCESS_AUDIO_INPUT = NO;
				ENABLE_RESOURCE_ACCESS_BLUETOOTH = NO;
				ENABLE_RESOURCE_ACCESS_CALENDARS = NO;
				ENABLE_RESOURCE_ACCESS_CAMERA = NO;
				ENABLE_RESOURCE_ACCESS_CONTACTS = NO;
				ENABLE_RESOURCE_ACCESS_LOCATION = NO;
				ENABLE_RESOURCE_ACCESS_PRINTING = NO;
				ENABLE_RESOURCE_ACCESS_USB = NO;
				ENABLE_USER_SELECTED_FILES = readonly;
				GENERATE_INFOPLIST_FILE = YES;
				INFOPLIST_KEY_NSHumanReadableCopyright = "";
				LD_RUNPATH_SEARCH_PATHS = (
					"$(inherited)",
					"@executable_path/../Frameworks",
				);
				MACOSX_DEPLOYMENT_TARGET = 15.6;
				MARKETING_VERSION = 1.0;
				PRODUCT_BUNDLE_IDENTIFIER = derrick.ui;
				PRODUCT_NAME = "$(TARGET_NAME)";
				REGISTER_APP_GROUPS = YES;
				STRING_CATALOG_GENERATE_SYMBOLS = YES;
				SWIFT_APPROACHABLE_CONCURRENCY = YES;
				SWIFT_DEFAULT_ACTOR_ISOLATION = MainActor;
				SWIFT_EMIT_LOC_STRINGS = YES;
				SWIFT_UPCOMING_FEATURE_MEMBER_IMPORT_VISIBILITY = YES;
				SWIFT_VERSION = 6.0;
			};
			name = Debug;
		};
		DE1B9F272FEB74260042F227 /* Release configuration for PBXNativeTarget "ui" */ = {
			isa = XCBuildConfiguration;
			buildSettings = {
				ASSETCATALOG_COMPILER_APPICON_NAME = AppIcon;
				ASSETCATALOG_COMPILER_GLOBAL_ACCENT_COLOR_NAME = AccentColor;
				CODE_SIGN_STYLE = Automatic;
				COMBINE_HIDPI_IMAGES = YES;
				CURRENT_PROJECT_VERSION = 1;
				ENABLE_APP_SANDBOX = YES;
				ENABLE_INCOMING_NETWORK_CONNECTIONS = NO;
				ENABLE_OUTGOING_NETWORK_CONNECTIONS = YES;
				ENABLE_PREVIEWS = YES;
				ENABLE_RESOURCE_ACCESS_AUDIO_INPUT = NO;
				ENABLE_RESOURCE_ACCESS_BLUETOOTH = NO;
				ENABLE_RESOURCE_ACCESS_CALENDARS = NO;
				ENABLE_RESOURCE_ACCESS_CAMERA = NO;
				ENABLE_RESOURCE_ACCESS_CONTACTS = NO;
				ENABLE_RESOURCE_ACCESS_LOCATION = NO;
				ENABLE_RESOURCE_ACCESS_PRINTING = NO;
				ENABLE_RESOURCE_ACCESS_USB = NO;
				ENABLE_USER_SELECTED_FILES = readonly;
				GENERATE_INFOPLIST_FILE = YES;
				INFOPLIST_KEY_NSHumanReadableCopyright = "";
				LD_RUNPATH_SEARCH_PATHS = (
					"$(inherited)",
					"@executable_path/../Frameworks",
				);
				MACOSX_DEPLOYMENT_TARGET = 15.6;
				MARKETING_VERSION = 1.0;
				PRODUCT_BUNDLE_IDENTIFIER = derrick.ui;
				PRODUCT_NAME = "$(TARGET_NAME)";
				REGISTER_APP_GROUPS = YES;
				STRING_CATALOG_GENERATE_SYMBOLS = YES;
				SWIFT_APPROACHABLE_CONCURRENCY = YES;
				SWIFT_DEFAULT_ACTOR_ISOLATION = MainActor;
				SWIFT_EMIT_LOC_STRINGS = YES;
				SWIFT_UPCOMING_FEATURE_MEMBER_IMPORT_VISIBILITY = YES;
				SWIFT_VERSION = 6.0;
			};
			name = Release;
		};
		DE1B9F292FEB74260042F227 /* Debug configuration for PBXNativeTarget "uiTests" */ = {
			isa = XCBuildConfiguration;
			buildSettings = {
				BUNDLE_LOADER = "$(TEST_HOST)";
				CODE_SIGN_STYLE = Automatic;
				CURRENT_PROJECT_VERSION = 1;
				GENERATE_INFOPLIST_FILE = YES;
				MACOSX_DEPLOYMENT_TARGET = 26.5;
				MARKETING_VERSION = 1.0;
				PRODUCT_BUNDLE_IDENTIFIER = derrick.uiTests;
				PRODUCT_NAME = "$(TARGET_NAME)";
				STRING_CATALOG_GENERATE_SYMBOLS = NO;
				SWIFT_APPROACHABLE_CONCURRENCY = YES;
				SWIFT_EMIT_LOC_STRINGS = NO;
				SWIFT_UPCOMING_FEATURE_MEMBER_IMPORT_VISIBILITY = YES;
				SWIFT_VERSION = 5.0;
				TEST_HOST = "$(BUILT_PRODUCTS_DIR)/ui.app/$(BUNDLE_EXECUTABLE_FOLDER_PATH)/ui";
			};
			name = Debug;
		};
		DE1B9F2A2FEB74260042F227 /* Release configuration for PBXNativeTarget "uiTests" */ = {
			isa = XCBuildConfiguration;
			buildSettings = {
				BUNDLE_LOADER = "$(TEST_HOST)";
				CODE_SIGN_STYLE = Automatic;
				CURRENT_PROJECT_VERSION = 1;
				GENERATE_INFOPLIST_FILE = YES;
				MACOSX_DEPLOYMENT_TARGET = 26.5;
				MARKETING_VERSION = 1.0;
				PRODUCT_BUNDLE_IDENTIFIER = derrick.uiTests;
				PRODUCT_NAME = "$(TARGET_NAME)";
				STRING_CATALOG_GENERATE_SYMBOLS = NO;
				SWIFT_APPROACHABLE_CONCURRENCY = YES;
				SWIFT_EMIT_LOC_STRINGS = NO;
				SWIFT_UPCOMING_FEATURE_MEMBER_IMPORT_VISIBILITY = YES;
				SWIFT_VERSION = 5.0;
				TEST_HOST = "$(BUILT_PRODUCTS_DIR)/ui.app/$(BUNDLE_EXECUTABLE_FOLDER_PATH)/ui";
			};
			name = Release;
		};
		DE1B9F2C2FEB74260042F227 /* Debug configuration for PBXNativeTarget "uiUITests" */ = {
			isa = XCBuildConfiguration;
			buildSettings = {
				CODE_SIGN_STYLE = Automatic;
				CURRENT_PROJECT_VERSION = 1;
				GENERATE_INFOPLIST_FILE = YES;
				MARKETING_VERSION = 1.0;
				PRODUCT_BUNDLE_IDENTIFIER = derrick.uiUITests;
				PRODUCT_NAME = "$(TARGET_NAME)";
				STRING_CATALOG_GENERATE_SYMBOLS = NO;
				SWIFT_APPROACHABLE_CONCURRENCY = YES;
				SWIFT_EMIT_LOC_STRINGS = NO;
				SWIFT_UPCOMING_FEATURE_MEMBER_IMPORT_VISIBILITY = YES;
				SWIFT_VERSION = 5.0;
				TEST_TARGET_NAME = ui;
			};
			name = Debug;
		};
		DE1B9F2D2FEB74260042F227 /* Release configuration for PBXNativeTarget "uiUITests" */ = {
			isa = XCBuildConfiguration;
			buildSettings = {
				CODE_SIGN_STYLE = Automatic;
				CURRENT_PROJECT_VERSION = 1;
				GENERATE_INFOPLIST_FILE = YES;
				MARKETING_VERSION = 1.0;
				PRODUCT_BUNDLE_IDENTIFIER = derrick.uiUITests;
				PRODUCT_NAME = "$(TARGET_NAME)";
				STRING_CATALOG_GENERATE_SYMBOLS = NO;
				SWIFT_APPROACHABLE_CONCURRENCY = YES;
				SWIFT_EMIT_LOC_STRINGS = NO;
				SWIFT_UPCOMING_FEATURE_MEMBER_IMPORT_VISIBILITY = YES;
				SWIFT_VERSION = 5.0;
				TEST_TARGET_NAME = ui;
			};
			name = Release;
		};
/* End XCBuildConfiguration section */

/* Begin XCConfigurationList section */
		DE1B9F012FEB74250042F227 /* Build configuration list for PBXProject "ui" */ = {
			isa = XCConfigurationList;
			buildConfigurations = (
				DE1B9F232FEB74260042F227 /* Debug configuration for PBXProject "ui" */,
				DE1B9F242FEB74260042F227 /* Release configuration for PBXProject "ui" */,
			);
			defaultConfigurationName = Release;
		};
		DE1B9F252FEB74260042F227 /* Build configuration list for PBXNativeTarget "ui" */ = {
			isa = XCConfigurationList;
			buildConfigurations = (
				DE1B9F262FEB74260042F227 /* Debug configuration for PBXNativeTarget "ui" */,
				DE1B9F272FEB74260042F227 /* Release configuration for PBXNativeTarget "ui" */,
			);
			defaultConfigurationName = Release;
		};
		DE1B9F282FEB74260042F227 /* Build configuration list for PBXNativeTarget "uiTests" */ = {
			isa = XCConfigurationList;
			buildConfigurations = (
				DE1B9F292FEB74260042F227 /* Debug configuration for PBXNativeTarget "uiTests" */,
				DE1B9F2A2FEB74260042F227 /* Release configuration for PBXNativeTarget "uiTests" */,
			);
			defaultConfigurationName = Release;
		};
		DE1B9F2B2FEB74260042F227 /* Build configuration list for PBXNativeTarget "uiUITests" */ = {
			isa = XCConfigurationList;
			buildConfigurations = (
				DE1B9F2C2FEB74260042F227 /* Debug configuration for PBXNativeTarget "uiUITests" */,
				DE1B9F2D2FEB74260042F227 /* Release configuration for PBXNativeTarget "uiUITests" */,
			);
			defaultConfigurationName = Release;
		};
/* End XCConfigurationList section */

/* Begin XCLocalSwiftPackageReference section */
		DE1B9F342FEB7AE80042F227 /* XCLocalSwiftPackageReference "../packages/LLMAgentClient" */ = {
			isa = XCLocalSwiftPackageReference;
			relativePath = ../packages/LLMAgentClient;
		};
/* End XCLocalSwiftPackageReference section */

/* Begin XCSwiftPackageProductDependency section */
		DE1B9F352FEB7AE80042F227 /* LLMAgentClient */ = {
			isa = XCSwiftPackageProductDependency;
			productName = LLMAgentClient;
		};
/* End XCSwiftPackageProductDependency section */
	};
	rootObject = DE1B9EFE2FEB74250042F227 /* Project object */;
	validationLevel = 1;
}
