// !$*UTF8*$!
{
	archiveVersion = 1;
	classes = {
	};
	objectVersion = 110;
	objects = {

/* Begin PBXBuildFile section */
		DE1B9F362FEB7AE80042F227 /* LLMAgentClient in Frameworks */ = {isa = PBXBuildFile; productRef = DE1B9F352FEB7AE80042F227 /* LLMAgentClient */; };
		DE1B9F382FEB7AE80042F227 /* DBRepository in Frameworks */ = {isa = PBXBuildFile; productRef = DE1B9F372FEB7AE80042F227 /* DBRepository */; };
		DE5073392FF6FCA600D95676 /* MCPClient in Frameworks */ = {isa = PBXBuildFile; productRef = DE5073382FF6FCA600D95676 /* MCPClient */; };
		DE50733C2FF6FCAF00D95676 /* MCPServer in Frameworks */ = {isa = PBXBuildFile; productRef = DE50733B2FF6FCAF00D95676 /* MCPServer */; };
		DEAA100B2FFF00000042F228 /* DockerRunnerHelper.xpc in Embed XPC Services */ = {isa = PBXBuildFile; fileRef = DEAA10012FFF00000042F228 /* DockerRunnerHelper.xpc */; settings = {ATTRIBUTES = (RemoveHeadersOnCopy, ); }; };
		DEAE00013010000000AE001 /* AppEvents in Frameworks */ = {isa = PBXBuildFile; productRef = DEAE00023010000000AE001 /* AppEvents */; };
		DEAE00033010000000AE001 /* PolicyUserInteraction in Frameworks */ = {isa = PBXBuildFile; productRef = DEAE00043010000000AE001 /* PolicyUserInteraction */; };
		DEAR00012A00000000AR001 /* AgentRuntime in Frameworks */ = {isa = PBXBuildFile; productRef = DEAR00022A00000000AR001 /* AgentRuntime */; };
		DEAS100F2A00000000AS001 /* DockerRunnerXPC in Frameworks */ = {isa = PBXBuildFile; productRef = DED0C0032A0000000042F230 /* DockerRunnerXPC */; };
		DEAS10102A00000000AS001 /* LLMAgentClient in Frameworks */ = {isa = PBXBuildFile; productRef = DEAS10112A00000000AS001 /* LLMAgentClient */; };
		DEAS10122A00000000AS001 /* MCPClient in Frameworks */ = {isa = PBXBuildFile; productRef = DEAS10132A00000000AS001 /* MCPClient */; };
		DEAS10142A00000000AS001 /* MCPServer in Frameworks */ = {isa = PBXBuildFile; productRef = DEAS10152A00000000AS001 /* MCPServer */; };
		DEAS10162A00000000AS001 /* MCPToolCatalog in Frameworks */ = {isa = PBXBuildFile; productRef = DEAS10172A00000000AS001 /* MCPToolCatalog */; };
		DEAS10182A00000000AS001 /* AgentRuntime in Frameworks */ = {isa = PBXBuildFile; productRef = DEAS10192A00000000AS001 /* AgentRuntime */; };
		DEAS101A2A00000000AS001 /* PolicyRuntime in Frameworks */ = {isa = PBXBuildFile; productRef = DEAS101B2A00000000AS001 /* PolicyRuntime */; };
		DEAS101C2A00000000AS001 /* AppEvents in Frameworks */ = {isa = PBXBuildFile; productRef = DEAS101D2A00000000AS001 /* AppEvents */; };
		DEAS101E2A00000000AS001 /* PolicyUserInteraction in Frameworks */ = {isa = PBXBuildFile; productRef = DEAS101F2A00000000AS001 /* PolicyUserInteraction */; };
		DEAS10202A00000000AS001 /* PartialJSON in Frameworks */ = {isa = PBXBuildFile; productRef = DEAS10212A00000000AS001 /* PartialJSON */; };
		DEAS10222A00000000AS001 /* Lib in Frameworks */ = {isa = PBXBuildFile; productRef = DEAS10232A00000000AS001 /* Lib */; };
		DEAS10242A00000000AS001 /* EgressProxy in Frameworks */ = {isa = PBXBuildFile; productRef = DEAS10252A00000000AS001 /* EgressProxy */; };
		DEAS10262A00000000AS001 /* DerrickBackend in Frameworks */ = {isa = PBXBuildFile; productRef = DEAS10272A00000000AS001 /* DerrickBackend */; };
		DECF6281300ED94C00E1757D /* Plugin in Frameworks */ = {isa = PBXBuildFile; productRef = DECF6280300ED94C00E1757D /* Plugin */; };
		DECF6284300ED9AC00E1757D /* Plugin in Frameworks */ = {isa = PBXBuildFile; productRef = DECF6283300ED9AC00E1757D /* Plugin */; };
		DED0C0042A0000000042F230 /* DockerRunnerXPC in Frameworks */ = {isa = PBXBuildFile; productRef = DED0C0022A0000000042F230 /* DockerRunnerXPC */; };
		DED0C0052A0000000042F230 /* DockerRunnerXPC in Frameworks */ = {isa = PBXBuildFile; productRef = DED0C0032A0000000042F230 /* DockerRunnerXPC */; };
		DED0C0122A0000000042F240 /* MCPToolCatalog in Frameworks */ = {isa = PBXBuildFile; productRef = DED0C0112A0000000042F240 /* MCPToolCatalog */; };
		DEDB00012A00000000DB001 /* DBRepository in Frameworks */ = {isa = PBXBuildFile; productRef = DEDB00022A00000000DB001 /* DBRepository */; };
		DEE6B0013010000000E6B001 /* EgressProxy in Frameworks */ = {isa = PBXBuildFile; productRef = DEE6B0023010000000E6B001 /* EgressProxy */; };
		DEE6B0043010000000E6B001 /* EgressProxy in Frameworks */ = {isa = PBXBuildFile; productRef = DEE6B0053010000000E6B001 /* EgressProxy */; };
		DEF685FE30096EB600165A82 /* PartialJSON in Frameworks */ = {isa = PBXBuildFile; productRef = DEF685FD30096EB600165A82 /* PartialJSON */; };
		DEF68601300A71F600165A82 /* Lib in Frameworks */ = {isa = PBXBuildFile; productRef = DEF68600300A71F600165A82 /* Lib */; };
		DEJB10102A00000000JB001 /* ServiceContracts in Frameworks */ = {isa = PBXBuildFile; productRef = DEJB10202A00000000JB001 /* ServiceContracts */; };
		DEJB10112A00000000JB001 /* DBRepository in Frameworks */ = {isa = PBXBuildFile; productRef = DEJB10212A00000000JB001 /* DBRepository */; };
		DEJB10122A00000000JB001 /* DockerRunnerXPC in Frameworks */ = {isa = PBXBuildFile; productRef = DEJB10222A00000000JB001 /* DockerRunnerXPC */; };
		DEJB10132A00000000JB001 /* ServiceEnsureUp in Frameworks */ = {isa = PBXBuildFile; productRef = DEJB10232A00000000JB001 /* ServiceEnsureUp */; };
		DEKA100B2A00000000KA001 /* JobKeepAlive.app in Embed JobKeepAlive */ = {isa = PBXBuildFile; fileRef = DEKA10012A00000000KA001 /* JobKeepAlive.app */; settings = {ATTRIBUTES = (CodeSignOnCopy, RemoveHeadersOnCopy, ); }; };
		DEKA100C2A00000000KA001 /* derrick.ui.Daemon.plist in Embed LaunchAgents */ = {isa = PBXBuildFile; fileRef = DEKA10022A00000000KA001 /* derrick.ui.Daemon.plist */; };
		DEKA10102A00000000KA001 /* ServiceContracts in Frameworks */ = {isa = PBXBuildFile; productRef = DEKA10202A00000000KA001 /* ServiceContracts */; };
		DEKA10112A00000000KA001 /* DockerRunnerXPC in Frameworks */ = {isa = PBXBuildFile; productRef = DEKA10212A00000000KA001 /* DockerRunnerXPC */; };
		DEKA10222A00000000KA002 /* DBRepository in Frameworks */ = {isa = PBXBuildFile; productRef = DEKA10232A00000000KA002 /* DBRepository */; };
		DEKA10242A00000000KA003 /* DerrickBackend in Frameworks */ = {isa = PBXBuildFile; productRef = DEKA10252A00000000KA003 /* DerrickBackend */; };
		DEKAEMBF2A00000000KA001 /* DockerRunnerHelper.xpc in Embed XPC Services (Daemon) */ = {isa = PBXBuildFile; fileRef = DEAA10012FFF00000042F228 /* DockerRunnerHelper.xpc */; settings = {ATTRIBUTES = (RemoveHeadersOnCopy, ); }; };
		DEKAF0012A00000000KA001 /* LLMAgentClient in Frameworks */ = {isa = PBXBuildFile; productRef = DEAS10112A00000000AS001 /* LLMAgentClient */; };
		DEKAF0022A00000000KA001 /* MCPClient in Frameworks */ = {isa = PBXBuildFile; productRef = DEAS10132A00000000AS001 /* MCPClient */; };
		DEKAF0032A00000000KA001 /* MCPServer in Frameworks */ = {isa = PBXBuildFile; productRef = DEAS10152A00000000AS001 /* MCPServer */; };
		DEKAF0042A00000000KA001 /* MCPToolCatalog in Frameworks */ = {isa = PBXBuildFile; productRef = DEAS10172A00000000AS001 /* MCPToolCatalog */; };
		DEKAF0052A00000000KA001 /* AgentRuntime in Frameworks */ = {isa = PBXBuildFile; productRef = DEAS10192A00000000AS001 /* AgentRuntime */; };
		DEKAF0062A00000000KA001 /* PolicyRuntime in Frameworks */ = {isa = PBXBuildFile; productRef = DEAS101B2A00000000AS001 /* PolicyRuntime */; };
		DEKAF0072A00000000KA001 /* AppEvents in Frameworks */ = {isa = PBXBuildFile; productRef = DEAS101D2A00000000AS001 /* AppEvents */; };
		DEKAF0082A00000000KA001 /* PolicyUserInteraction in Frameworks */ = {isa = PBXBuildFile; productRef = DEAS101F2A00000000AS001 /* PolicyUserInteraction */; };
		DEKAF0092A00000000KA001 /* PartialJSON in Frameworks */ = {isa = PBXBuildFile; productRef = DEAS10212A00000000AS001 /* PartialJSON */; };
		DEKAF00A2A00000000KA001 /* Lib in Frameworks */ = {isa = PBXBuildFile; productRef = DEAS10232A00000000AS001 /* Lib */; };
		DEKAF00B2A00000000KA001 /* EgressProxy in Frameworks */ = {isa = PBXBuildFile; productRef = DEAS10252A00000000AS001 /* EgressProxy */; };
		DEKAF00C2A00000000KA001 /* ServiceEnsureUp in Frameworks */ = {isa = PBXBuildFile; productRef = DEJB10232A00000000JB001 /* ServiceEnsureUp */; };
		DEMC10102A00000000MC001 /* ServiceContracts in Frameworks */ = {isa = PBXBuildFile; productRef = DEMC10202A00000000MC001 /* ServiceContracts */; };
		DEMC10112A00000000MC001 /* DBRepository in Frameworks */ = {isa = PBXBuildFile; productRef = DEMC10212A00000000MC001 /* DBRepository */; };
		DEMC10122A00000000MC001 /* MCPClient in Frameworks */ = {isa = PBXBuildFile; productRef = DEMC10222A00000000MC001 /* MCPClient */; };
		DEMC10132A00000000MC001 /* MCPServer in Frameworks */ = {isa = PBXBuildFile; productRef = DEMC10232A00000000MC001 /* MCPServer */; };
		DEMC10142A00000000MC001 /* MCPToolCatalog in Frameworks */ = {isa = PBXBuildFile; productRef = DEMC10242A00000000MC001 /* MCPToolCatalog */; };
		DEMC10152A00000000MC001 /* DockerRunnerXPC in Frameworks */ = {isa = PBXBuildFile; productRef = DEMC10252A00000000MC001 /* DockerRunnerXPC */; };
		DEMC10162A00000000MC001 /* Lib in Frameworks */ = {isa = PBXBuildFile; productRef = DEMC10262A00000000MC001 /* Lib */; };
		DEMC10172A00000000MC001 /* LLMAgentClient in Frameworks */ = {isa = PBXBuildFile; productRef = DEMC10272A00000000MC001 /* LLMAgentClient */; };
		DEPR00012A00000000PR001 /* PolicyRuntime in Frameworks */ = {isa = PBXBuildFile; productRef = DEPR00022A00000000PR001 /* PolicyRuntime */; };
		DESC00012A00000000SC001 /* ServiceContracts in Frameworks */ = {isa = PBXBuildFile; productRef = DESC00022A00000000SC001 /* ServiceContracts */; };
		DESC00032A00000000SC001 /* ServiceContracts in Frameworks */ = {isa = PBXBuildFile; productRef = DESC00042A00000000SC001 /* ServiceContracts */; };
		DEUISE0012A00000000SE001 /* ServiceEnsureUp in Frameworks */ = {isa = PBXBuildFile; productRef = DEUISE0022A00000000SE001 /* ServiceEnsureUp */; };
/* End PBXBuildFile section */

/* Begin PBXContainerItemProxy section */
		DE1B9F142FEB74260042F227 /* PBXContainerItemProxy */ = {
			isa = PBXContainerItemProxy;
			containerPortal = DE1B9EFE2FEB74250042F227 /* Project object */;
			proxyType = 1;
			remoteGlobalIDString = DE1B9F052FEB74250042F227;
			remoteInfo = ui;
		};
		DE1B9F1E2FEB74260042F227 /* PBXContainerItemProxy */ = {
			isa = PBXContainerItemProxy;
			containerPortal = DE1B9EFE2FEB74250042F227 /* Project object */;
			proxyType = 1;
			remoteGlobalIDString = DE1B9F052FEB74250042F227;
			remoteInfo = ui;
		};
		DEAA100D2FFF00000042F228 /* PBXContainerItemProxy */ = {
			isa = PBXContainerItemProxy;
			containerPortal = DE1B9EFE2FEB74250042F227 /* Project object */;
			proxyType = 1;
			remoteGlobalIDString = DEAA10062FFF00000042F228;
			remoteInfo = DockerRunnerHelper;
		};
		DEKA100D2A00000000KA001 /* PBXContainerItemProxy */ = {
			isa = PBXContainerItemProxy;
			containerPortal = DE1B9EFE2FEB74250042F227 /* Project object */;
			proxyType = 1;
			remoteGlobalIDString = DEKA10062A00000000KA001;
			remoteInfo = JobKeepAlive;
		};
		DEKAEMBP2A00000000KA001 /* PBXContainerItemProxy */ = {
			isa = PBXContainerItemProxy;
			containerPortal = DE1B9EFE2FEB74250042F227 /* Project object */;
			proxyType = 1;
			remoteGlobalIDString = DEAA10062FFF00000042F228;
			remoteInfo = DockerRunnerHelper;
		};
/* End PBXContainerItemProxy section */

/* Begin PBXCopyFilesBuildPhase section */
		DEAA100A2FFF00000042F228 /* Embed XPC Services */ = {
			isa = PBXCopyFilesBuildPhase;
			dstPath = "$(CONTENTS_FOLDER_PATH)/XPCServices";
			dstSubfolder = Product;
			files = (
				DEAA100B2FFF00000042F228 /* DockerRunnerHelper.xpc in Embed XPC Services */,
			);
			name = "Embed XPC Services";
		};
		DEKA10122A00000000KA001 /* Embed JobKeepAlive */ = {
			isa = PBXCopyFilesBuildPhase;
			dstPath = "$(CONTENTS_FOLDER_PATH)/Library/LoginItems";
			dstSubfolder = Product;
			files = (
				DEKA100B2A00000000KA001 /* JobKeepAlive.app in Embed JobKeepAlive */,
			);
			name = "Embed JobKeepAlive";
		};
		DEKA10132A00000000KA001 /* Embed LaunchAgents */ = {
			isa = PBXCopyFilesBuildPhase;
			dstPath = "$(CONTENTS_FOLDER_PATH)/Library/LaunchAgents";
			dstSubfolder = Product;
			files = (
				DEKA100C2A00000000KA001 /* derrick.ui.Daemon.plist in Embed LaunchAgents */,
			);
			name = "Embed LaunchAgents";
		};
		DEKAEMBX2A00000000KA001 /* Embed XPC Services (Daemon) */ = {
			isa = PBXCopyFilesBuildPhase;
			dstPath = "$(CONTENTS_FOLDER_PATH)/XPCServices";
			dstSubfolder = Product;
			files = (
				DEKAEMBF2A00000000KA001 /* DockerRunnerHelper.xpc in Embed XPC Services (Daemon) */,
			);
			name = "Embed XPC Services (Daemon)";
		};
/* End PBXCopyFilesBuildPhase section */

/* Begin PBXFileReference section */
		DE1B9F062FEB74250042F227 /* ui.app */ = {isa = PBXFileReference; explicitFileType = wrapper.application; includeInIndex = 0; path = ui.app; sourceTree = BUILT_PRODUCTS_DIR; };
		DE1B9F132FEB74260042F227 /* uiTests.xctest */ = {isa = PBXFileReference; explicitFileType = wrapper.cfbundle; includeInIndex = 0; path = uiTests.xctest; sourceTree = BUILT_PRODUCTS_DIR; };
		DE1B9F1D2FEB74260042F227 /* uiUITests.xctest */ = {isa = PBXFileReference; explicitFileType = wrapper.cfbundle; includeInIndex = 0; path = uiUITests.xctest; sourceTree = BUILT_PRODUCTS_DIR; };
		DEAA10012FFF00000042F228 /* DockerRunnerHelper.xpc */ = {isa = PBXFileReference; explicitFileType = "wrapper.xpc-service"; includeInIndex = 0; path = DockerRunnerHelper.xpc; sourceTree = BUILT_PRODUCTS_DIR; };
		DEAS10012A00000000AS001 /* AgentService.xpc */ = {isa = PBXFileReference; explicitFileType = "wrapper.xpc-service"; includeInIndex = 0; path = AgentService.xpc; sourceTree = BUILT_PRODUCTS_DIR; };
		DEJB10012A00000000JB001 /* JobService.xpc */ = {isa = PBXFileReference; explicitFileType = "wrapper.xpc-service"; includeInIndex = 0; path = JobService.xpc; sourceTree = BUILT_PRODUCTS_DIR; };
		DEKA10012A00000000KA001 /* JobKeepAlive.app */ = {isa = PBXFileReference; explicitFileType = wrapper.application; includeInIndex = 0; path = JobKeepAlive.app; sourceTree = BUILT_PRODUCTS_DIR; };
		DEKA10022A00000000KA001 /* derrick.ui.Daemon.plist */ = {isa = PBXFileReference; lastKnownFileType = text.plist.xml; path = derrick.ui.Daemon.plist; sourceTree = "<group>"; };
		DEMC10012A00000000MC001 /* MCPService.xpc */ = {isa = PBXFileReference; explicitFileType = "wrapper.xpc-service"; includeInIndex = 0; path = MCPService.xpc; sourceTree = BUILT_PRODUCTS_DIR; };
/* End PBXFileReference section */

/* Begin PBXFileSystemSynchronizedBuildFileExceptionSet section */
		DE66F8BA301995CB006DA1D5 /* Exceptions for "DockerRunnerHelper" folder in "DockerRunnerHelper" target */ = {
			isa = PBXFileSystemSynchronizedBuildFileExceptionSet;
			membershipExceptions = (
				Info.plist,
			);
			target = DEAA10062FFF00000042F228 /* DockerRunnerHelper */;
		};
		DEAS100E2A00000000AS001 /* Exceptions for "AgentService" folder in "AgentService" target */ = {
			isa = PBXFileSystemSynchronizedBuildFileExceptionSet;
			membershipExceptions = (
				Info.plist,
			);
			target = DEAS10062A00000000AS001 /* AgentService */;
		};
		DEJB100E2A00000000JB001 /* Exceptions for "JobService" folder in "JobService" target */ = {
			isa = PBXFileSystemSynchronizedBuildFileExceptionSet;
			membershipExceptions = (
				Info.plist,
			);
			target = DEJB10062A00000000JB001 /* JobService */;
		};
		DEKAEXAS2A00000000KA001 /* Exceptions for "AgentService" folder in "JobKeepAlive" target */ = {
			isa = PBXFileSystemSynchronizedBuildFileExceptionSet;
			membershipExceptions = (
				main.swift,
			);
			target = DEKA10062A00000000KA001 /* JobKeepAlive */;
		};
		DEKAEXJB2A00000000KA001 /* Exceptions for "JobService" folder in "JobKeepAlive" target */ = {
			isa = PBXFileSystemSynchronizedBuildFileExceptionSet;
			membershipExceptions = (
				main.swift,
			);
			target = DEKA10062A00000000KA001 /* JobKeepAlive */;
		};
		DEKAEXMC2A00000000KA001 /* Exceptions for "MCPService" folder in "JobKeepAlive" target */ = {
			isa = PBXFileSystemSynchronizedBuildFileExceptionSet;
			membershipExceptions = (
				main.swift,
			);
			target = DEKA10062A00000000KA001 /* JobKeepAlive */;
		};
		DEMC100E2A00000000MC001 /* Exceptions for "MCPService" folder in "MCPService" target */ = {
			isa = PBXFileSystemSynchronizedBuildFileExceptionSet;
			membershipExceptions = (
				Info.plist,
			);
			target = DEMC10062A00000000MC001 /* MCPService */;
		};
/* End PBXFileSystemSynchronizedBuildFileExceptionSet section */

/* Begin PBXFileSystemSynchronizedRootGroup section */
		DE1B9F082FEB74250042F227 /* ui */ = {
			isa = PBXFileSystemSynchronizedRootGroup;
			path = ui;
			sourceTree = "<group>";
		};
		DE1B9F162FEB74260042F227 /* uiTests */ = {
			isa = PBXFileSystemSynchronizedRootGroup;
			path = uiTests;
			sourceTree = "<group>";
		};
		DE1B9F202FEB74260042F227 /* uiUITests */ = {
			isa = PBXFileSystemSynchronizedRootGroup;
			path = uiUITests;
			sourceTree = "<group>";
		};
		DEAA10022FFF00000042F228 /* DockerRunnerHelper */ = {
			isa = PBXFileSystemSynchronizedRootGroup;
			exceptions = (
				DE66F8BA301995CB006DA1D5 /* Exceptions for "DockerRunnerHelper" folder in "DockerRunnerHelper" target */,
			);
			path = DockerRunnerHelper;
			sourceTree = "<group>";
		};
		DEAS10022A00000000AS001 /* AgentService */ = {
			isa = PBXFileSystemSynchronizedRootGroup;
			exceptions = (
				DEAS100E2A00000000AS001 /* Exceptions for "AgentService" folder in "AgentService" target */,
				DEKAEXAS2A00000000KA001 /* Exceptions for "AgentService" folder in "JobKeepAlive" target */,
			);
			path = AgentService;
			sourceTree = "<group>";
		};
		DEJB10022A00000000JB001 /* JobService */ = {
			isa = PBXFileSystemSynchronizedRootGroup;
			exceptions = (
				DEJB100E2A00000000JB001 /* Exceptions for "JobService" folder in "JobService" target */,
				DEKAEXJB2A00000000KA001 /* Exceptions for "JobService" folder in "JobKeepAlive" target */,
			);
			path = JobService;
			sourceTree = "<group>";
		};
		DEKA10032A00000000KA001 /* JobKeepAlive */ = {
			isa = PBXFileSystemSynchronizedRootGroup;
			path = JobKeepAlive;
			sourceTree = "<group>";
		};
		DEMC10022A00000000MC001 /* MCPService */ = {
			isa = PBXFileSystemSynchronizedRootGroup;
			exceptions = (
				DEMC100E2A00000000MC001 /* Exceptions for "MCPService" folder in "MCPService" target */,
				DEKAEXMC2A00000000KA001 /* Exceptions for "MCPService" folder in "JobKeepAlive" target */,
			);
			path = MCPService;
			sourceTree = "<group>";
		};
		DESH00012A00000000SH001 /* SharedAgentRuntime */ = {
			isa = PBXFileSystemSynchronizedRootGroup;
			path = SharedAgentRuntime;
			sourceTree = "<group>";
		};
/* End PBXFileSystemSynchronizedRootGroup section */

/* Begin PBXFrameworksBuildPhase section */
		DE1B9F032FEB74250042F227 /* Frameworks */ = {
			isa = PBXFrameworksBuildPhase;
			files = (
				DEF68601300A71F600165A82 /* Lib in Frameworks */,
				DE50733C2FF6FCAF00D95676 /* MCPServer in Frameworks */,
				DECF6281300ED94C00E1757D /* Plugin in Frameworks */,
				DE1B9F362FEB7AE80042F227 /* LLMAgentClient in Frameworks */,
				DEF685FE30096EB600165A82 /* PartialJSON in Frameworks */,
				DECF6284300ED9AC00E1757D /* Plugin in Frameworks */,
				DE1B9F382FEB7AE80042F227 /* DBRepository in Frameworks */,
				DE5073392FF6FCA600D95676 /* MCPClient in Frameworks */,
				DED0C0042A0000000042F230 /* DockerRunnerXPC in Frameworks */,
				DED0C0122A0000000042F240 /* MCPToolCatalog in Frameworks */,
				DEAE00013010000000AE001 /* AppEvents in Frameworks */,
				DEAE00033010000000AE001 /* PolicyUserInteraction in Frameworks */,
				DEPR00012A00000000PR001 /* PolicyRuntime in Frameworks */,
				DEE6B0043010000000E6B001 /* EgressProxy in Frameworks */,
				DEAR00012A00000000AR001 /* AgentRuntime in Frameworks */,
				DESC00012A00000000SC001 /* ServiceContracts in Frameworks */,
				DEUISE0012A00000000SE001 /* ServiceEnsureUp in Frameworks */,
			);
		};
		DE1B9F102FEB74260042F227 /* Frameworks */ = {
			isa = PBXFrameworksBuildPhase;
			files = (
			);
		};
		DE1B9F1A2FEB74260042F227 /* Frameworks */ = {
			isa = PBXFrameworksBuildPhase;
			files = (
			);
		};
		DEAA10042FFF00000042F228 /* Frameworks */ = {
			isa = PBXFrameworksBuildPhase;
			files = (
				DED0C0052A0000000042F230 /* DockerRunnerXPC in Frameworks */,
				DEE6B0013010000000E6B001 /* EgressProxy in Frameworks */,
			);
		};
		DEAS10042A00000000AS001 /* Frameworks */ = {
			isa = PBXFrameworksBuildPhase;
			files = (
				DESC00032A00000000SC001 /* ServiceContracts in Frameworks */,
				DEAS100F2A00000000AS001 /* DockerRunnerXPC in Frameworks */,
				DEDB00012A00000000DB001 /* DBRepository in Frameworks */,
				DEAS10102A00000000AS001 /* LLMAgentClient in Frameworks */,
				DEAS10122A00000000AS001 /* MCPClient in Frameworks */,
				DEAS10142A00000000AS001 /* MCPServer in Frameworks */,
				DEAS10162A00000000AS001 /* MCPToolCatalog in Frameworks */,
				DEAS10182A00000000AS001 /* AgentRuntime in Frameworks */,
				DEAS101A2A00000000AS001 /* PolicyRuntime in Frameworks */,
				DEAS101C2A00000000AS001 /* AppEvents in Frameworks */,
				DEAS101E2A00000000AS001 /* PolicyUserInteraction in Frameworks */,
				DEAS10202A00000000AS001 /* PartialJSON in Frameworks */,
				DEAS10222A00000000AS001 /* Lib in Frameworks */,
				DEAS10242A00000000AS001 /* EgressProxy in Frameworks */,
				DEAS10262A00000000AS001 /* DerrickBackend in Frameworks */,
			);
		};
		DEJB10042A00000000JB001 /* Frameworks */ = {
			isa = PBXFrameworksBuildPhase;
			files = (
				DEJB10102A00000000JB001 /* ServiceContracts in Frameworks */,
				DEJB10112A00000000JB001 /* DBRepository in Frameworks */,
				DEJB10122A00000000JB001 /* DockerRunnerXPC in Frameworks */,
				DEJB10132A00000000JB001 /* ServiceEnsureUp in Frameworks */,
			);
		};
		DEKA10052A00000000KA001 /* Frameworks */ = {
			isa = PBXFrameworksBuildPhase;
			files = (
				DEKA10102A00000000KA001 /* ServiceContracts in Frameworks */,
				DEKA10112A00000000KA001 /* DockerRunnerXPC in Frameworks */,
				DEKA10222A00000000KA002 /* DBRepository in Frameworks */,
				DEKA10242A00000000KA003 /* DerrickBackend in Frameworks */,
				DEKAF0012A00000000KA001 /* LLMAgentClient in Frameworks */,
				DEKAF0022A00000000KA001 /* MCPClient in Frameworks */,
				DEKAF0032A00000000KA001 /* MCPServer in Frameworks */,
				DEKAF0042A00000000KA001 /* MCPToolCatalog in Frameworks */,
				DEKAF0052A00000000KA001 /* AgentRuntime in Frameworks */,
				DEKAF0062A00000000KA001 /* PolicyRuntime in Frameworks */,
				DEKAF0072A00000000KA001 /* AppEvents in Frameworks */,
				DEKAF0082A00000000KA001 /* PolicyUserInteraction in Frameworks */,
				DEKAF0092A00000000KA001 /* PartialJSON in Frameworks */,
				DEKAF00A2A00000000KA001 /* Lib in Frameworks */,
				DEKAF00B2A00000000KA001 /* EgressProxy in Frameworks */,
				DEKAF00C2A00000000KA001 /* ServiceEnsureUp in Frameworks */,
			);
		};
		DEMC10042A00000000MC001 /* Frameworks */ = {
			isa = PBXFrameworksBuildPhase;
			files = (
				DEMC10102A00000000MC001 /* ServiceContracts in Frameworks */,
				DEMC10112A00000000MC001 /* DBRepository in Frameworks */,
				DEMC10122A00000000MC001 /* MCPClient in Frameworks */,
				DEMC10132A00000000MC001 /* MCPServer in Frameworks */,
				DEMC10142A00000000MC001 /* MCPToolCatalog in Frameworks */,
				DEMC10152A00000000MC001 /* DockerRunnerXPC in Frameworks */,
				DEMC10162A00000000MC001 /* Lib in Frameworks */,
				DEMC10172A00000000MC001 /* LLMAgentClient in Frameworks */,
			);
		};
/* End PBXFrameworksBuildPhase section */

/* Begin PBXGroup section */
		DE1B9EFD2FEB74250042F227 = {
			isa = PBXGroup;
			children = (
				DE1B9F082FEB74250042F227 /* ui */,
				DEAA10022FFF00000042F228 /* DockerRunnerHelper */,
				DEAS10022A00000000AS001 /* AgentService */,
				DEMC10022A00000000MC001 /* MCPService */,
				DEJB10022A00000000JB001 /* JobService */,
				DEKA10032A00000000KA001 /* JobKeepAlive */,
				DEKA10302A00000000KA001 /* LaunchAgents */,
				DESH00012A00000000SH001 /* SharedAgentRuntime */,
				DE1B9F162FEB74260042F227 /* uiTests */,
				DE1B9F202FEB74260042F227 /* uiUITests */,
				DE1B9F072FEB74250042F227 /* Products */,
			);
			sourceTree = "<group>";
		};
		DE1B9F072FEB74250042F227 /* Products */ = {
			isa = PBXGroup;
			children = (
				DE1B9F062FEB74250042F227 /* ui.app */,
				DEAA10012FFF00000042F228 /* DockerRunnerHelper.xpc */,
				DEAS10012A00000000AS001 /* AgentService.xpc */,
				DEMC10012A00000000MC001 /* MCPService.xpc */,
				DEJB10012A00000000JB001 /* JobService.xpc */,
				DEKA10012A00000000KA001 /* JobKeepAlive.app */,
				DE1B9F132FEB74260042F227 /* uiTests.xctest */,
				DE1B9F1D2FEB74260042F227 /* uiUITests.xctest */,
			);
			name = Products;
			sourceTree = "<group>";
		};
		DEKA10302A00000000KA001 /* LaunchAgents */ = {
			isa = PBXGroup;
			children = (
				DEKA10022A00000000KA001 /* derrick.ui.Daemon.plist */,
			);
			path = LaunchAgents;
			sourceTree = "<group>";
		};
/* End PBXGroup section */

/* Begin PBXNativeTarget section */
		DE1B9F052FEB74250042F227 /* ui */ = {
			isa = PBXNativeTarget;
			buildConfigurationList = DE1B9F252FEB74260042F227 /* Build configuration list for PBXNativeTarget "ui" */;
			buildPhases = (
				DE1B9F022FEB74250042F227 /* Sources */,
				DE1B9F032FEB74250042F227 /* Frameworks */,
				DE1B9F042FEB74250042F227 /* Resources */,
				DEAA100A2FFF00000042F228 /* Embed XPC Services */,
				DEKA10122A00000000KA001 /* Embed JobKeepAlive */,
				DEKA10132A00000000KA001 /* Embed LaunchAgents */,
			);
			buildRules = (
			);
			dependencies = (
				DEAA100C2FFF00000042F228 /* PBXTargetDependency */,
				DEKA100E2A00000000KA001 /* PBXTargetDependency */,
			);
			fileSystemSynchronizedGroups = (
				DE1B9F082FEB74250042F227 /* ui */,
				DESH00012A00000000SH001 /* SharedAgentRuntime */,
			);
			name = ui;
			packageProductDependencies = (
				DE1B9F352FEB7AE80042F227 /* LLMAgentClient */,
				DE1B9F372FEB7AE80042F227 /* DBRepository */,
				DE5073382FF6FCA600D95676 /* MCPClient */,
				DE50733B2FF6FCAF00D95676 /* MCPServer */,
				DEF685FD30096EB600165A82 /* PartialJSON */,
				DEF68600300A71F600165A82 /* Lib */,
				DECF6280300ED94C00E1757D /* Plugin */,
				DECF6283300ED9AC00E1757D /* Plugin */,
				DED0C0022A0000000042F230 /* DockerRunnerXPC */,
				DED0C0112A0000000042F240 /* MCPToolCatalog */,
				DEAE00023010000000AE001 /* AppEvents */,
				DEAE00043010000000AE001 /* PolicyUserInteraction */,
				DEPR00022A00000000PR001 /* PolicyRuntime */,
				DEE6B0053010000000E6B001 /* EgressProxy */,
				DEAR00022A00000000AR001 /* AgentRuntime */,
				DESC00022A00000000SC001 /* ServiceContracts */,
				DEUISE0022A00000000SE001 /* ServiceEnsureUp */,
			);
			productName = ui;
			productReference = DE1B9F062FEB74250042F227 /* ui.app */;
			productType = "com.apple.product-type.application";
		};
		DE1B9F122FEB74260042F227 /* uiTests */ = {
			isa = PBXNativeTarget;
			buildConfigurationList = DE1B9F282FEB74260042F227 /* Build configuration list for PBXNativeTarget "uiTests" */;
			buildPhases = (
				DE1B9F0F2FEB74260042F227 /* Sources */,
				DE1B9F102FEB74260042F227 /* Frameworks */,
				DE1B9F112FEB74260042F227 /* Resources */,
			);
			buildRules = (
			);
			dependencies = (
				DE1B9F152FEB74260042F227 /* PBXTargetDependency */,
			);
			fileSystemSynchronizedGroups = (
				DE1B9F162FEB74260042F227 /* uiTests */,
			);
			name = uiTests;
			productName = uiTests;
			productReference = DE1B9F132FEB74260042F227 /* uiTests.xctest */;
			productType = "com.apple.product-type.bundle.unit-test";
		};
		DE1B9F1C2FEB74260042F227 /* uiUITests */ = {
			isa = PBXNativeTarget;
			buildConfigurationList = DE1B9F2B2FEB74260042F227 /* Build configuration list for PBXNativeTarget "uiUITests" */;
			buildPhases = (
				DE1B9F192FEB74260042F227 /* Sources */,
				DE1B9F1A2FEB74260042F227 /* Frameworks */,
				DE1B9F1B2FEB74260042F227 /* Resources */,
			);
			buildRules = (
			);
			dependencies = (
				DE1B9F1F2FEB74260042F227 /* PBXTargetDependency */,
			);
			fileSystemSynchronizedGroups = (
				DE1B9F202FEB74260042F227 /* uiUITests */,
			);
			name = uiUITests;
			productName = uiUITests;
			productReference = DE1B9F1D2FEB74260042F227 /* uiUITests.xctest */;
			productType = "com.apple.product-type.bundle.ui-testing";
		};
		DEAA10062FFF00000042F228 /* DockerRunnerHelper */ = {
			isa = PBXNativeTarget;
			buildConfigurationList = DEAA10092FFF00000042F228 /* Build configuration list for PBXNativeTarget "DockerRunnerHelper" */;
			buildPhases = (
				DEAA10032FFF00000042F228 /* Sources */,
				DEAA10042FFF00000042F228 /* Frameworks */,
				DEAA10052FFF00000042F228 /* Resources */,
			);
			buildRules = (
			);
			fileSystemSynchronizedGroups = (
				DEAA10022FFF00000042F228 /* DockerRunnerHelper */,
			);
			name = DockerRunnerHelper;
			packageProductDependencies = (
				DED0C0032A0000000042F230 /* DockerRunnerXPC */,
				DEE6B0023010000000E6B001 /* EgressProxy */,
			);
			productName = DockerRunnerHelper;
			productReference = DEAA10012FFF00000042F228 /* DockerRunnerHelper.xpc */;
			productType = "com.apple.product-type.xpc-service";
		};
		DEAS10062A00000000AS001 /* AgentService */ = {
			isa = PBXNativeTarget;
			buildConfigurationList = DEAS10092A00000000AS001 /* Build configuration list for PBXNativeTarget "AgentService" */;
			buildPhases = (
				DEAS10032A00000000AS001 /* Sources */,
				DEAS10042A00000000AS001 /* Frameworks */,
				DEAS10052A00000000AS001 /* Resources */,
			);
			buildRules = (
			);
			fileSystemSynchronizedGroups = (
				DEAS10022A00000000AS001 /* AgentService */,
				DESH00012A00000000SH001 /* SharedAgentRuntime */,
			);
			name = AgentService;
			packageProductDependencies = (
				DESC00042A00000000SC001 /* ServiceContracts */,
				DED0C0032A0000000042F230 /* DockerRunnerXPC */,
				DEDB00022A00000000DB001 /* DBRepository */,
				DEAS10112A00000000AS001 /* LLMAgentClient */,
				DEAS10132A00000000AS001 /* MCPClient */,
				DEAS10152A00000000AS001 /* MCPServer */,
				DEAS10172A00000000AS001 /* MCPToolCatalog */,
				DEAS10192A00000000AS001 /* AgentRuntime */,
				DEAS101B2A00000000AS001 /* PolicyRuntime */,
				DEAS101D2A00000000AS001 /* AppEvents */,
				DEAS101F2A00000000AS001 /* PolicyUserInteraction */,
				DEAS10212A00000000AS001 /* PartialJSON */,
				DEAS10232A00000000AS001 /* Lib */,
				DEAS10252A00000000AS001 /* EgressProxy */,
				DEAS10272A00000000AS001 /* DerrickBackend */,
			);
			productName = AgentService;
			productReference = DEAS10012A00000000AS001 /* AgentService.xpc */;
			productType = "com.apple.product-type.xpc-service";
		};
		DEJB10062A00000000JB001 /* JobService */ = {
			isa = PBXNativeTarget;
			buildConfigurationList = DEJB10092A00000000JB001 /* Build configuration list for PBXNativeTarget "JobService" */;
			buildPhases = (
				DEJB10032A00000000JB001 /* Sources */,
				DEJB10042A00000000JB001 /* Frameworks */,
				DEJB10052A00000000JB001 /* Resources */,
			);
			buildRules = (
			);
			fileSystemSynchronizedGroups = (
				DEJB10022A00000000JB001 /* JobService */,
			);
			name = JobService;
			packageProductDependencies = (
				DEJB10202A00000000JB001 /* ServiceContracts */,
				DEJB10212A00000000JB001 /* DBRepository */,
				DEJB10222A00000000JB001 /* DockerRunnerXPC */,
				DEJB10232A00000000JB001 /* ServiceEnsureUp */,
			);
			productName = JobService;
			productReference = DEJB10012A00000000JB001 /* JobService.xpc */;
			productType = "com.apple.product-type.xpc-service";
		};
		DEKA10062A00000000KA001 /* JobKeepAlive */ = {
			isa = PBXNativeTarget;
			buildConfigurationList = DEKA100A2A00000000KA001 /* Build configuration list for PBXNativeTarget "JobKeepAlive" */;
			buildPhases = (
				DEKA10042A00000000KA001 /* Sources */,
				DEKA10052A00000000KA001 /* Frameworks */,
				DEKAEMBX2A00000000KA001 /* Embed XPC Services (Daemon) */,
			);
			buildRules = (
			);
			dependencies = (
				DEKAEMBD2A00000000KA001 /* PBXTargetDependency */,
			);
			fileSystemSynchronizedGroups = (
				DEAS10022A00000000AS001 /* AgentService */,
				DEJB10022A00000000JB001 /* JobService */,
				DEKA10032A00000000KA001 /* JobKeepAlive */,
				DEMC10022A00000000MC001 /* MCPService */,
				DESH00012A00000000SH001 /* SharedAgentRuntime */,
			);
			name = JobKeepAlive;
			packageProductDependencies = (
				DEKA10202A00000000KA001 /* ServiceContracts */,
				DEKA10212A00000000KA001 /* DockerRunnerXPC */,
				DEKA10232A00000000KA002 /* DBRepository */,
				DEKA10252A00000000KA003 /* DerrickBackend */,
				DEAS10112A00000000AS001 /* LLMAgentClient */,
				DEAS10132A00000000AS001 /* MCPClient */,
				DEAS10152A00000000AS001 /* MCPServer */,
				DEAS10172A00000000AS001 /* MCPToolCatalog */,
				DEAS10192A00000000AS001 /* AgentRuntime */,
				DEAS101B2A00000000AS001 /* PolicyRuntime */,
				DEAS101D2A00000000AS001 /* AppEvents */,
				DEAS101F2A00000000AS001 /* PolicyUserInteraction */,
				DEAS10212A00000000AS001 /* PartialJSON */,
				DEAS10232A00000000AS001 /* Lib */,
				DEAS10252A00000000AS001 /* EgressProxy */,
				DEJB10232A00000000JB001 /* ServiceEnsureUp */,
			);
			productName = JobKeepAlive;
			productReference = DEKA10012A00000000KA001 /* JobKeepAlive.app */;
			productType = "com.apple.product-type.application";
		};
		DEMC10062A00000000MC001 /* MCPService */ = {
			isa = PBXNativeTarget;
			buildConfigurationList = DEMC10092A00000000MC001 /* Build configuration list for PBXNativeTarget "MCPService" */;
			buildPhases = (
				DEMC10032A00000000MC001 /* Sources */,
				DEMC10042A00000000MC001 /* Frameworks */,
				DEMC10052A00000000MC001 /* Resources */,
			);
			buildRules = (
			);
			fileSystemSynchronizedGroups = (
				DEMC10022A00000000MC001 /* MCPService */,
			);
			name = MCPService;
			packageProductDependencies = (
				DEMC10202A00000000MC001 /* ServiceContracts */,
				DEMC10212A00000000MC001 /* DBRepository */,
				DEMC10222A00000000MC001 /* MCPClient */,
				DEMC10232A00000000MC001 /* MCPServer */,
				DEMC10242A00000000MC001 /* MCPToolCatalog */,
				DEMC10252A00000000MC001 /* DockerRunnerXPC */,
				DEMC10262A00000000MC001 /* Lib */,
				DEMC10272A00000000MC001 /* LLMAgentClient */,
			);
			productName = MCPService;
			productReference = DEMC10012A00000000MC001 /* MCPService.xpc */;
			productType = "com.apple.product-type.xpc-service";
		};
/* End PBXNativeTarget section */

/* Begin PBXProject section */
		DE1B9EFE2FEB74250042F227 /* Project object */ = {
			isa = PBXProject;
			attributes = {
				BuildIndependentTargetsInParallel = 1;
				LastSwiftUpdateCheck = 2700;
				LastUpgradeCheck = 2700;
				TargetAttributes = {
					DE1B9F052FEB74250042F227 = {
						CreatedOnToolsVersion = 27.0;
					};
					DE1B9F122FEB74260042F227 = {
						CreatedOnToolsVersion = 27.0;
						TestTargetID = DE1B9F052FEB74250042F227;
					};
					DE1B9F1C2FEB74260042F227 = {
						CreatedOnToolsVersion = 27.0;
						TestTargetID = DE1B9F052FEB74250042F227;
					};
				};
			};
			buildConfigurationList = DE1B9F012FEB74250042F227 /* Build configuration list for PBXProject "ui" */;
			developmentRegion = en;
			hasScannedForEncodings = 0;
			knownRegions = (
				en,
				Base,
			);
			mainGroup = DE1B9EFD2FEB74250042F227;
			minimizedProjectReferenceProxies = 1;
			packageReferences = (
				DE1B9F342FEB7AE80042F227 /* XCLocalSwiftPackageReference "../packages/LLMAgentClient" */,
				DE1B9F392FEB7AE80042F227 /* XCLocalSwiftPackageReference "../packages/DBRepository" */,
				DE5073372FF6FCA600D95676 /* XCLocalSwiftPackageReference "../packages/MCPClient" */,
				DE50733A2FF6FCAF00D95676 /* XCLocalSwiftPackageReference "../packages/MCPServer" */,
				DEF685FC30096EB600165A82 /* XCRemoteSwiftPackageReference "PartialJSON" */,
				DEF685FF300A71F600165A82 /* XCLocalSwiftPackageReference "../packages/Lib" */,
				DED0C0012A0000000042F230 /* XCLocalSwiftPackageReference "../packages/DockerRunnerXPC" */,
				DED0C0102A0000000042F240 /* XCLocalSwiftPackageReference "../packages/MCPToolCatalog" */,
				DEAE00053010000000AE001 /* XCLocalSwiftPackageReference "../packages/AppEvents" */,
				DEAE00063010000000AE001 /* XCLocalSwiftPackageReference "../packages/PolicyUserInteraction" */,
				DEPR00032A00000000PR001 /* XCLocalSwiftPackageReference "../packages/PolicyRuntime" */,
				DEE6B0033010000000E6B001 /* XCLocalSwiftPackageReference "../packages/EgressProxy" */,
				DEPL00012A00000000PL001 /* XCLocalSwiftPackageReference "../packages/Plugin" */,
				DEAR00032A00000000AR001 /* XCLocalSwiftPackageReference "../packages/AgentRuntime" */,
				DESC00052A00000000SC001 /* XCLocalSwiftPackageReference "../packages/ServiceContracts" */,
				DEJB10302A00000000JB001 /* XCLocalSwiftPackageReference "../packages/ServiceEnsureUp" */,
				DEDBK0012A00000000BK001 /* XCLocalSwiftPackageReference "../packages/DerrickBackend" */,
			);
			preferredProjectObjectVersion = 77;
			productRefGroup = DE1B9F072FEB74250042F227 /* Products */;
			projectDirPath = "";
			projectRoot = "";
			targets = (
				DE1B9F052FEB74250042F227 /* ui */,
				DEAA10062FFF00000042F228 /* DockerRunnerHelper */,
				DEAS10062A00000000AS001 /* AgentService */,
				DEMC10062A00000000MC001 /* MCPService */,
				DEJB10062A00000000JB001 /* JobService */,
				DEKA10062A00000000KA001 /* JobKeepAlive */,
				DE1B9F122FEB74260042F227 /* uiTests */,
				DE1B9F1C2FEB74260042F227 /* uiUITests */,
			);
		};
/* End PBXProject section */

/* Begin PBXResourcesBuildPhase section */
		DE1B9F042FEB74250042F227 /* Resources */ = {
			isa = PBXResourcesBuildPhase;
			files = (
			);
		};
		DE1B9F112FEB74260042F227 /* Resources */ = {
			isa = PBXResourcesBuildPhase;
			files = (
			);
		};
		DE1B9F1B2FEB74260042F227 /* Resources */ = {
			isa = PBXResourcesBuildPhase;
			files = (
			);
		};
		DEAA10052FFF00000042F228 /* Resources */ = {
			isa = PBXResourcesBuildPhase;
			files = (
			);
		};
		DEAS10052A00000000AS001 /* Resources */ = {
			isa = PBXResourcesBuildPhase;
			files = (
			);
		};
		DEJB10052A00000000JB001 /* Resources */ = {
			isa = PBXResourcesBuildPhase;
			files = (
			);
		};
		DEMC10052A00000000MC001 /* Resources */ = {
			isa = PBXResourcesBuildPhase;
			files = (
			);
		};
/* End PBXResourcesBuildPhase section */

/* Begin PBXSourcesBuildPhase section */
		DE1B9F022FEB74250042F227 /* Sources */ = {
			isa = PBXSourcesBuildPhase;
			files = (
			);
		};
		DE1B9F0F2FEB74260042F227 /* Sources */ = {
			isa = PBXSourcesBuildPhase;
			files = (
			);
		};
		DE1B9F192FEB74260042F227 /* Sources */ = {
			isa = PBXSourcesBuildPhase;
			files = (
			);
		};
		DEAA10032FFF00000042F228 /* Sources */ = {
			isa = PBXSourcesBuildPhase;
			files = (
			);
		};
		DEAS10032A00000000AS001 /* Sources */ = {
			isa = PBXSourcesBuildPhase;
			files = (
			);
		};
		DEJB10032A00000000JB001 /* Sources */ = {
			isa = PBXSourcesBuildPhase;
			files = (
			);
		};
		DEKA10042A00000000KA001 /* Sources */ = {
			isa = PBXSourcesBuildPhase;
			files = (
			);
		};
		DEMC10032A00000000MC001 /* Sources */ = {
			isa = PBXSourcesBuildPhase;
			files = (
			);
		};
/* End PBXSourcesBuildPhase section */

/* Begin PBXTargetDependency section */
		DE1B9F152FEB74260042F227 /* PBXTargetDependency */ = {
			isa = PBXTargetDependency;
			target = DE1B9F052FEB74250042F227 /* ui */;
			targetProxy = DE1B9F142FEB74260042F227 /* PBXContainerItemProxy */;
		};
		DE1B9F1F2FEB74260042F227 /* PBXTargetDependency */ = {
			isa = PBXTargetDependency;
			target = DE1B9F052FEB74250042F227 /* ui */;
			targetProxy = DE1B9F1E2FEB74260042F227 /* PBXContainerItemProxy */;
		};
		DEAA100C2FFF00000042F228 /* PBXTargetDependency */ = {
			isa = PBXTargetDependency;
			target = DEAA10062FFF00000042F228 /* DockerRunnerHelper */;
			targetProxy = DEAA100D2FFF00000042F228 /* PBXContainerItemProxy */;
		};
		DEKA100E2A00000000KA001 /* PBXTargetDependency */ = {
			isa = PBXTargetDependency;
			target = DEKA10062A00000000KA001 /* JobKeepAlive */;
			targetProxy = DEKA100D2A00000000KA001 /* PBXContainerItemProxy */;
		};
		DEKAEMBD2A00000000KA001 /* PBXTargetDependency */ = {
			isa = PBXTargetDependency;
			target = DEAA10062FFF00000042F228 /* DockerRunnerHelper */;
			targetProxy = DEKAEMBP2A00000000KA001 /* PBXContainerItemProxy */;
		};
/* End PBXTargetDependency section */

/* Begin XCBuildConfiguration section */
		DE1B9F232FEB74260042F227 /* Debug configuration for PBXProject "ui" */ = {
			isa = XCBuildConfiguration;
			buildSettings = {
				ALWAYS_SEARCH_USER_PATHS = NO;
				ASSETCATALOG_COMPILER_GENERATE_SWIFT_ASSET_SYMBOL_EXTENSIONS = YES;
				CLANG_ANALYZER_NONNULL = YES;
				CLANG_ANALYZER_NUMBER_OBJECT_CONVERSION = YES_AGGRESSIVE;
				CLANG_CXX_LANGUAGE_STANDARD = "gnu++20";
				CLANG_ENABLE_MODULES = YES;
				CLANG_ENABLE_OBJC_ARC = YES;
				CLANG_ENABLE_OBJC_WEAK = YES;
				CLANG_WARN_BLOCK_CAPTURE_AUTORELEASING = YES;
				CLANG_WARN_BOOL_CONVERSION = YES;
				CLANG_WARN_COMMA = YES;
				CLANG_WARN_CONSTANT_CONVERSION = YES;
				CLANG_WARN_DEPRECATED_OBJC_IMPLEMENTATIONS = YES;
				CLANG_WARN_DIRECT_OBJC_ISA_USAGE = YES_ERROR;
				CLANG_WARN_DOCUMENTATION_COMMENTS = YES;
				CLANG_WARN_EMPTY_BODY = YES;
				CLANG_WARN_ENUM_CONVERSION = YES;
				CLANG_WARN_INFINITE_RECURSION = YES;
				CLANG_WARN_INT_CONVERSION = YES;
				CLANG_WARN_NON_LITERAL_NULL_CONVERSION = YES;
				CLANG_WARN_OBJC_IMPLICIT_RETAIN_SELF = YES;
				CLANG_WARN_OBJC_LITERAL_CONVERSION = YES;
				CLANG_WARN_OBJC_ROOT_CLASS = YES_ERROR;
				CLANG_WARN_QUOTED_INCLUDE_IN_FRAMEWORK_HEADER = YES;
				CLANG_WARN_RANGE_LOOP_ANALYSIS = YES;
				CLANG_WARN_STRICT_PROTOTYPES = YES;
				CLANG_WARN_SUSPICIOUS_MOVE = YES;
				CLANG_WARN_UNGUARDED_AVAILABILITY = YES_AGGRESSIVE;
				CLANG_WARN_UNREACHABLE_CODE = YES;
				CLANG_WARN__DUPLICATE_METHOD_MATCH = YES;
				COPY_PHASE_STRIP = NO;
				DEAD_CODE_STRIPPING = YES;
				DEBUG_INFORMATION_FORMAT = dwarf;
				ENABLE_STRICT_OBJC_MSGSEND = YES;
				ENABLE_TESTABILITY = YES;
				ENABLE_USER_SCRIPT_SANDBOXING = YES;
				GCC_C_LANGUAGE_STANDARD = gnu17;
				GCC_DYNAMIC_NO_PIC = NO;
				GCC_NO_COMMON_BLOCKS = YES;
				GCC_OPTIMIZATION_LEVEL = 0;
				GCC_PREPROCESSOR_DEFINITIONS = (
					"DEBUG=1",
					"$(inherited)",
				);
				GCC_WARN_64_TO_32_BIT_CONVERSION = YES;
				GCC_WARN_ABOUT_RETURN_TYPE = YES_ERROR;
				GCC_WARN_UNDECLARED_SELECTOR = YES;
				GCC_WARN_UNINITIALIZED_AUTOS = YES_AGGRESSIVE;
				GCC_WARN_UNUSED_FUNCTION = YES;
				GCC_WARN_UNUSED_VARIABLE = YES;
				LOCALIZATION_PREFERS_STRING_CATALOGS = YES;
				MACOSX_DEPLOYMENT_TARGET = 26.5;
				MTL_ENABLE_DEBUG_INFO = INCLUDE_SOURCE;
				MTL_FAST_MATH = YES;
				ONLY_ACTIVE_ARCH = YES;
				SDKROOT = macosx;
				STRING_CATALOG_GENERATE_SYMBOLS = YES;
				SWIFT_ACTIVE_COMPILATION_CONDITIONS = "DEBUG $(inherited)";
				SWIFT_OPTIMIZATION_LEVEL = "-Onone";
			};
			name = Debug;
		};
		DE1B9F242FEB74260042F227 /* Release configuration for PBXProject "ui" */ = {
			isa = XCBuildConfiguration;
			buildSettings = {
				ALWAYS_SEARCH_USER_PATHS = NO;
				ASSETCATALOG_COMPILER_GENERATE_SWIFT_ASSET_SYMBOL_EXTENSIONS = YES;
				CLANG_ANALYZER_NONNULL = YES;
				CLANG_ANALYZER_NUMBER_OBJECT_CONVERSION = YES_AGGRESSIVE;
				CLANG_CXX_LANGUAGE_STANDARD = "gnu++20";
				CLANG_ENABLE_MODULES = YES;
				CLANG_ENABLE_OBJC_ARC = YES;
				CLANG_ENABLE_OBJC_WEAK = YES;
				CLANG_WARN_BLOCK_CAPTURE_AUTORELEASING = YES;
				CLANG_WARN_BOOL_CONVERSION = YES;
				CLANG_WARN_COMMA = YES;
				CLANG_WARN_CONSTANT_CONVERSION = YES;
				CLANG_WARN_DEPRECATED_OBJC_IMPLEMENTATIONS = YES;
				CLANG_WARN_DIRECT_OBJC_ISA_USAGE = YES_ERROR;
				CLANG_WARN_DOCUMENTATION_COMMENTS = YES;
				CLANG_WARN_EMPTY_BODY = YES;
				CLANG_WARN_ENUM_CONVERSION = YES;
				CLANG_WARN_INFINITE_RECURSION = YES;
				CLANG_WARN_INT_CONVERSION = YES;
				CLANG_WARN_NON_LITERAL_NULL_CONVERSION = YES;
				CLANG_WARN_OBJC_IMPLICIT_RETAIN_SELF = YES;
				CLANG_WARN_OBJC_LITERAL_CONVERSION = YES;
				CLANG_WARN_OBJC_ROOT_CLASS = YES_ERROR;
				CLANG_WARN_QUOTED_INCLUDE_IN_FRAMEWORK_HEADER = YES;
				CLANG_WARN_RANGE_LOOP_ANALYSIS = YES;
				CLANG_WARN_STRICT_PROTOTYPES = YES;
				CLANG_WARN_SUSPICIOUS_MOVE = YES;
				CLANG_WARN_UNGUARDED_AVAILABILITY = YES_AGGRESSIVE;
				CLANG_WARN_UNREACHABLE_CODE = YES;
				CLANG_WARN__DUPLICATE_METHOD_MATCH = YES;
				COPY_PHASE_STRIP = NO;
				DEAD_CODE_STRIPPING = YES;
				DEBUG_INFORMATION_FORMAT = "dwarf-with-dsym";
				ENABLE_NS_ASSERTIONS = NO;
				ENABLE_STRICT_OBJC_MSGSEND = YES;
				ENABLE_USER_SCRIPT_SANDBOXING = YES;
				GCC_C_LANGUAGE_STANDARD = gnu17;
				GCC_NO_COMMON_BLOCKS = YES;
				GCC_WARN_64_TO_32_BIT_CONVERSION = YES;
				GCC_WARN_ABOUT_RETURN_TYPE = YES_ERROR;
				GCC_WARN_UNDECLARED_SELECTOR = YES;
				GCC_WARN_UNINITIALIZED_AUTOS = YES_AGGRESSIVE;
				GCC_WARN_UNUSED_FUNCTION = YES;
				GCC_WARN_UNUSED_VARIABLE = YES;
				LOCALIZATION_PREFERS_STRING_CATALOGS = YES;
				MACOSX_DEPLOYMENT_TARGET = 26.5;
				MTL_ENABLE_DEBUG_INFO = NO;
				MTL_FAST_MATH = YES;
				SDKROOT = macosx;
				STRING_CATALOG_GENERATE_SYMBOLS = YES;
				SWIFT_COMPILATION_MODE = wholemodule;
			};
			name = Release;
		};
		DE1B9F262FEB74260042F227 /* Debug configuration for PBXNativeTarget "ui" */ = {
			isa = XCBuildConfiguration;
			buildSettings = {
				ASSETCATALOG_COMPILER_APPICON_NAME = AppIcon;
				ASSETCATALOG_COMPILER_GLOBAL_ACCENT_COLOR_NAME = AccentColor;
				CODE_SIGN_ENTITLEMENTS = ui/ui.entitlements;
				"CODE_SIGN_IDENTITY[sdk=macosx*]" = "Apple Development";
				CODE_SIGN_STYLE = Automatic;
				COMBINE_HIDPI_IMAGES = YES;
				CURRENT_PROJECT_VERSION = 1;
				DEAD_CODE_STRIPPING = YES;
				DEVELOPMENT_TEAM = VUSK4B2YKQ;
				ENABLE_APP_SANDBOX = YES;
				ENABLE_INCOMING_NETWORK_CONNECTIONS = NO;
				ENABLE_OUTGOING_NETWORK_CONNECTIONS = YES;
				ENABLE_PREVIEWS = YES;
				ENABLE_RESOURCE_ACCESS_AUDIO_INPUT = NO;
				ENABLE_RESOURCE_ACCESS_BLUETOOTH = NO;
				ENABLE_RESOURCE_ACCESS_CALENDARS = NO;
				ENABLE_RESOURCE_ACCESS_CAMERA = NO;
				ENABLE_RESOURCE_ACCESS_CONTACTS = NO;
				ENABLE_RESOURCE_ACCESS_LOCATION = NO;
				ENABLE_RESOURCE_ACCESS_PRINTING = NO;
				ENABLE_RESOURCE_ACCESS_USB = NO;
				ENABLE_USER_SELECTED_FILES = readonly;
				GENERATE_INFOPLIST_FILE = YES;
				INFOPLIST_KEY_NSHumanReadableCopyright = "";
				LD_RUNPATH_SEARCH_PATHS = (
					"$(inherited)",
					"@executable_path/../Frameworks",
				);
				MACOSX_DEPLOYMENT_TARGET = 26.5;
				MARKETING_VERSION = 1.0;
				PRODUCT_BUNDLE_IDENTIFIER = derrick.ui;
				PRODUCT_NAME = "$(TARGET_NAME)";
				REGISTER_APP_GROUPS = YES;
				STRING_CATALOG_GENERATE_SYMBOLS = YES;
				SWIFT_APPROACHABLE_CONCURRENCY = YES;
				SWIFT_EMIT_LOC_STRINGS = YES;
				SWIFT_UPCOMING_FEATURE_MEMBER_IMPORT_VISIBILITY = YES;
				SWIFT_VERSION = 6.0;
			};
			name = Debug;
		};
		DE1B9F272FEB74260042F227 /* Release configuration for PBXNativeTarget "ui" */ = {
			isa = XCBuildConfiguration;
			buildSettings = {
				ASSETCATALOG_COMPILER_APPICON_NAME = AppIcon;
				ASSETCATALOG_COMPILER_GLOBAL_ACCENT_COLOR_NAME = AccentColor;
				CODE_SIGN_ENTITLEMENTS = ui/ui.entitlements;
				"CODE_SIGN_IDENTITY[sdk=macosx*]" = "Apple Development";
				CODE_SIGN_STYLE = Automatic;
				COMBINE_HIDPI_IMAGES = YES;
				CURRENT_PROJECT_VERSION = 1;
				DEAD_CODE_STRIPPING = YES;
				DEVELOPMENT_TEAM = VUSK4B2YKQ;
				ENABLE_APP_SANDBOX = YES;
				ENABLE_INCOMING_NETWORK_CONNECTIONS = NO;
				ENABLE_OUTGOING_NETWORK_CONNECTIONS = YES;
				ENABLE_PREVIEWS = YES;
				ENABLE_RESOURCE_ACCESS_AUDIO_INPUT = NO;
				ENABLE_RESOURCE_ACCESS_BLUETOOTH = NO;
				ENABLE_RESOURCE_ACCESS_CALENDARS = NO;
				ENABLE_RESOURCE_ACCESS_CAMERA = NO;
				ENABLE_RESOURCE_ACCESS_CONTACTS = NO;
				ENABLE_RESOURCE_ACCESS_LOCATION = NO;
				ENABLE_RESOURCE_ACCESS_PRINTING = NO;
				ENABLE_RESOURCE_ACCESS_USB = NO;
				ENABLE_USER_SELECTED_FILES = readonly;
				GENERATE_INFOPLIST_FILE = YES;
				INFOPLIST_KEY_NSHumanReadableCopyright = "";
				LD_RUNPATH_SEARCH_PATHS = (
					"$(inherited)",
					"@executable_path/../Frameworks",
				);
				MACOSX_DEPLOYMENT_TARGET = 26.5;
				MARKETING_VERSION = 1.0;
				PRODUCT_BUNDLE_IDENTIFIER = derrick.ui;
				PRODUCT_NAME = "$(TARGET_NAME)";
				REGISTER_APP_GROUPS = YES;
				STRING_CATALOG_GENERATE_SYMBOLS = YES;
				SWIFT_APPROACHABLE_CONCURRENCY = YES;
				SWIFT_EMIT_LOC_STRINGS = YES;
				SWIFT_UPCOMING_FEATURE_MEMBER_IMPORT_VISIBILITY = YES;
				SWIFT_VERSION = 6.0;
			};
			name = Release;
		};
		DE1B9F292FEB74260042F227 /* Debug configuration for PBXNativeTarget "uiTests" */ = {
			isa = XCBuildConfiguration;
			buildSettings = {
				BUNDLE_LOADER = "$(TEST_HOST)";
				CODE_SIGN_STYLE = Automatic;
				CURRENT_PROJECT_VERSION = 1;
				DEAD_CODE_STRIPPING = YES;
				DEVELOPMENT_TEAM = VUSK4B2YKQ;
				GENERATE_INFOPLIST_FILE = YES;
				MACOSX_DEPLOYMENT_TARGET = 26.5;
				MARKETING_VERSION = 1.0;
				PRODUCT_BUNDLE_IDENTIFIER = derrick.uiTests;
				PRODUCT_NAME = "$(TARGET_NAME)";
				STRING_CATALOG_GENERATE_SYMBOLS = NO;
				SWIFT_APPROACHABLE_CONCURRENCY = YES;
				SWIFT_EMIT_LOC_STRINGS = NO;
				SWIFT_UPCOMING_FEATURE_MEMBER_IMPORT_VISIBILITY = YES;
				SWIFT_VERSION = 6.0;
				TEST_HOST = "$(BUILT_PRODUCTS_DIR)/ui.app/$(BUNDLE_EXECUTABLE_FOLDER_PATH)/ui";
			};
			name = Debug;
		};
		DE1B9F2A2FEB74260042F227 /* Release configuration for PBXNativeTarget "uiTests" */ = {
			isa = XCBuildConfiguration;
			buildSettings = {
				BUNDLE_LOADER = "$(TEST_HOST)";
				CODE_SIGN_STYLE = Automatic;
				CURRENT_PROJECT_VERSION = 1;
				DEAD_CODE_STRIPPING = YES;
				DEVELOPMENT_TEAM = VUSK4B2YKQ;
				GENERATE_INFOPLIST_FILE = YES;
				MACOSX_DEPLOYMENT_TARGET = 26.5;
				MARKETING_VERSION = 1.0;
				PRODUCT_BUNDLE_IDENTIFIER = derrick.uiTests;
				PRODUCT_NAME = "$(TARGET_NAME)";
				STRING_CATALOG_GENERATE_SYMBOLS = NO;
				SWIFT_APPROACHABLE_CONCURRENCY = YES;
				SWIFT_EMIT_LOC_STRINGS = NO;
				SWIFT_UPCOMING_FEATURE_MEMBER_IMPORT_VISIBILITY = YES;
				SWIFT_VERSION = 6.0;
				TEST_HOST = "$(BUILT_PRODUCTS_DIR)/ui.app/$(BUNDLE_EXECUTABLE_FOLDER_PATH)/ui";
			};
			name = Release;
		};
		DE1B9F2C2FEB74260042F227 /* Debug configuration for PBXNativeTarget "uiUITests" */ = {
			isa = XCBuildConfiguration;
			buildSettings = {
				CODE_SIGN_STYLE = Automatic;
				CURRENT_PROJECT_VERSION = 1;
				DEAD_CODE_STRIPPING = YES;
				DEVELOPMENT_TEAM = VUSK4B2YKQ;
				GENERATE_INFOPLIST_FILE = YES;
				MARKETING_VERSION = 1.0;
				PRODUCT_BUNDLE_IDENTIFIER = derrick.uiUITests;
				PRODUCT_NAME = "$(TARGET_NAME)";
				STRING_CATALOG_GENERATE_SYMBOLS = NO;
				SWIFT_APPROACHABLE_CONCURRENCY = YES;
				SWIFT_EMIT_LOC_STRINGS = NO;
				SWIFT_UPCOMING_FEATURE_MEMBER_IMPORT_VISIBILITY = YES;
				SWIFT_VERSION = 6.0;
				TEST_TARGET_NAME = ui;
			};
			name = Debug;
		};
		DE1B9F2D2FEB74260042F227 /* Release configuration for PBXNativeTarget "uiUITests" */ = {
			isa = XCBuildConfiguration;
			buildSettings = {
				CODE_SIGN_STYLE = Automatic;
				CURRENT_PROJECT_VERSION = 1;
				DEAD_CODE_STRIPPING = YES;
				DEVELOPMENT_TEAM = VUSK4B2YKQ;
				GENERATE_INFOPLIST_FILE = YES;
				MARKETING_VERSION = 1.0;
				PRODUCT_BUNDLE_IDENTIFIER = derrick.uiUITests;
				PRODUCT_NAME = "$(TARGET_NAME)";
				STRING_CATALOG_GENERATE_SYMBOLS = NO;
				SWIFT_APPROACHABLE_CONCURRENCY = YES;
				SWIFT_EMIT_LOC_STRINGS = NO;
				SWIFT_UPCOMING_FEATURE_MEMBER_IMPORT_VISIBILITY = YES;
				SWIFT_VERSION = 6.0;
				TEST_TARGET_NAME = ui;
			};
			name = Release;
		};
		DEAA10072FFF00000042F228 /* Debug configuration for PBXNativeTarget "DockerRunnerHelper" */ = {
			isa = XCBuildConfiguration;
			buildSettings = {
				CODE_SIGN_ENTITLEMENTS = DockerRunnerHelper/DockerRunnerHelper.entitlements;
				CODE_SIGN_STYLE = Automatic;
				CURRENT_PROJECT_VERSION = 1;
				DEAD_CODE_STRIPPING = YES;
				DEVELOPMENT_TEAM = VUSK4B2YKQ;
				GENERATE_INFOPLIST_FILE = NO;
				INFOPLIST_FILE = DockerRunnerHelper/Info.plist;
				MACOSX_DEPLOYMENT_TARGET = 15.6;
				MARKETING_VERSION = 1.0;
				PRODUCT_BUNDLE_IDENTIFIER = derrick.ui.DockerRunnerHelper;
				PRODUCT_NAME = DockerRunnerHelper;
				SKIP_INSTALL = YES;
				SWIFT_APPROACHABLE_CONCURRENCY = YES;
				SWIFT_VERSION = 6.0;
			};
			name = Debug;
		};
		DEAA10082FFF00000042F228 /* Release configuration for PBXNativeTarget "DockerRunnerHelper" */ = {
			isa = XCBuildConfiguration;
			buildSettings = {
				CODE_SIGN_ENTITLEMENTS = DockerRunnerHelper/DockerRunnerHelper.entitlements;
				CODE_SIGN_STYLE = Automatic;
				CURRENT_PROJECT_VERSION = 1;
				DEAD_CODE_STRIPPING = YES;
				DEVELOPMENT_TEAM = VUSK4B2YKQ;
				GENERATE_INFOPLIST_FILE = NO;
				INFOPLIST_FILE = DockerRunnerHelper/Info.plist;
				MACOSX_DEPLOYMENT_TARGET = 15.6;
				MARKETING_VERSION = 1.0;
				PRODUCT_BUNDLE_IDENTIFIER = derrick.ui.DockerRunnerHelper;
				PRODUCT_NAME = DockerRunnerHelper;
				SKIP_INSTALL = YES;
				SWIFT_APPROACHABLE_CONCURRENCY = YES;
				SWIFT_VERSION = 6.0;
			};
			name = Release;
		};
		DEAS10072A00000000AS001 /* Debug configuration for PBXNativeTarget "AgentService" */ = {
			isa = XCBuildConfiguration;
			buildSettings = {
				CODE_SIGN_ENTITLEMENTS = AgentService/AgentService.entitlements;
				CODE_SIGN_STYLE = Automatic;
				CURRENT_PROJECT_VERSION = 1;
				DEAD_CODE_STRIPPING = YES;
				DEVELOPMENT_TEAM = VUSK4B2YKQ;
				GENERATE_INFOPLIST_FILE = NO;
				INFOPLIST_FILE = AgentService/Info.plist;
				MACOSX_DEPLOYMENT_TARGET = 15.6;
				MARKETING_VERSION = 1.0;
				PRODUCT_BUNDLE_IDENTIFIER = derrick.ui.AgentService;
				PRODUCT_NAME = AgentService;
				SKIP_INSTALL = YES;
				SWIFT_APPROACHABLE_CONCURRENCY = YES;
				SWIFT_VERSION = 6.0;
			};
			name = Debug;
		};
		DEAS10082A00000000AS001 /* Release configuration for PBXNativeTarget "AgentService" */ = {
			isa = XCBuildConfiguration;
			buildSettings = {
				CODE_SIGN_ENTITLEMENTS = AgentService/AgentService.entitlements;
				CODE_SIGN_STYLE = Automatic;
				CURRENT_PROJECT_VERSION = 1;
				DEAD_CODE_STRIPPING = YES;
				DEVELOPMENT_TEAM = VUSK4B2YKQ;
				GENERATE_INFOPLIST_FILE = NO;
				INFOPLIST_FILE = AgentService/Info.plist;
				MACOSX_DEPLOYMENT_TARGET = 15.6;
				MARKETING_VERSION = 1.0;
				PRODUCT_BUNDLE_IDENTIFIER = derrick.ui.AgentService;
				PRODUCT_NAME = AgentService;
				SKIP_INSTALL = YES;
				SWIFT_APPROACHABLE_CONCURRENCY = YES;
				SWIFT_VERSION = 6.0;
			};
			name = Release;
		};
		DEJB10072A00000000JB001 /* Debug configuration for PBXNativeTarget "JobService" */ = {
			isa = XCBuildConfiguration;
			buildSettings = {
				CODE_SIGN_ENTITLEMENTS = JobService/JobService.entitlements;
				CODE_SIGN_STYLE = Automatic;
				CURRENT_PROJECT_VERSION = 1;
				DEAD_CODE_STRIPPING = YES;
				DEVELOPMENT_TEAM = VUSK4B2YKQ;
				GENERATE_INFOPLIST_FILE = NO;
				INFOPLIST_FILE = JobService/Info.plist;
				MACOSX_DEPLOYMENT_TARGET = 15.6;
				MARKETING_VERSION = 1.0;
				PRODUCT_BUNDLE_IDENTIFIER = derrick.ui.JobService;
				PRODUCT_NAME = JobService;
				SKIP_INSTALL = YES;
				SWIFT_APPROACHABLE_CONCURRENCY = YES;
				SWIFT_VERSION = 6.0;
			};
			name = Debug;
		};
		DEJB10082A00000000JB001 /* Release configuration for PBXNativeTarget "JobService" */ = {
			isa = XCBuildConfiguration;
			buildSettings = {
				CODE_SIGN_ENTITLEMENTS = JobService/JobService.entitlements;
				CODE_SIGN_STYLE = Automatic;
				CURRENT_PROJECT_VERSION = 1;
				DEAD_CODE_STRIPPING = YES;
				DEVELOPMENT_TEAM = VUSK4B2YKQ;
				GENERATE_INFOPLIST_FILE = NO;
				INFOPLIST_FILE = JobService/Info.plist;
				MACOSX_DEPLOYMENT_TARGET = 15.6;
				MARKETING_VERSION = 1.0;
				PRODUCT_BUNDLE_IDENTIFIER = derrick.ui.JobService;
				PRODUCT_NAME = JobService;
				SKIP_INSTALL = YES;
				SWIFT_APPROACHABLE_CONCURRENCY = YES;
				SWIFT_VERSION = 6.0;
			};
			name = Release;
		};
		DEKA10082A00000000KA001 /* Debug configuration for PBXNativeTarget "JobKeepAlive" */ = {
			isa = XCBuildConfiguration;
			buildSettings = {
				CODE_SIGN_ENTITLEMENTS = JobKeepAlive/JobKeepAlive.entitlements;
				CODE_SIGN_STYLE = Automatic;
				COMBINE_HIDPI_IMAGES = YES;
				CREATE_INFOPLIST_SECTION_IN_BINARY = NO;
				CURRENT_PROJECT_VERSION = 1;
				DEAD_CODE_STRIPPING = YES;
				DEVELOPMENT_TEAM = VUSK4B2YKQ;
				ENABLE_HARDENED_RUNTIME = YES;
				GENERATE_INFOPLIST_FILE = NO;
				INFOPLIST_FILE = JobKeepAlive/Info.plist;
				LD_RUNPATH_SEARCH_PATHS = (
					"$(inherited)",
					"@executable_path/../Frameworks",
				);
				MACOSX_DEPLOYMENT_TARGET = 15.6;
				MARKETING_VERSION = 1.0;
				OTHER_CODE_SIGN_FLAGS = "--identifier=derrick.ui.Daemon";
				PRODUCT_BUNDLE_IDENTIFIER = derrick.ui.Daemon;
				PRODUCT_NAME = JobKeepAlive;
				SKIP_INSTALL = YES;
				SWIFT_APPROACHABLE_CONCURRENCY = YES;
				SWIFT_VERSION = 6.0;
			};
			name = Debug;
		};
		DEKA10092A00000000KA001 /* Release configuration for PBXNativeTarget "JobKeepAlive" */ = {
			isa = XCBuildConfiguration;
			buildSettings = {
				CODE_SIGN_ENTITLEMENTS = JobKeepAlive/JobKeepAlive.entitlements;
				CODE_SIGN_STYLE = Automatic;
				COMBINE_HIDPI_IMAGES = YES;
				CREATE_INFOPLIST_SECTION_IN_BINARY = NO;
				CURRENT_PROJECT_VERSION = 1;
				DEAD_CODE_STRIPPING = YES;
				DEVELOPMENT_TEAM = VUSK4B2YKQ;
				ENABLE_HARDENED_RUNTIME = YES;
				GENERATE_INFOPLIST_FILE = NO;
				INFOPLIST_FILE = JobKeepAlive/Info.plist;
				LD_RUNPATH_SEARCH_PATHS = (
					"$(inherited)",
					"@executable_path/../Frameworks",
				);
				MACOSX_DEPLOYMENT_TARGET = 15.6;
				MARKETING_VERSION = 1.0;
				OTHER_CODE_SIGN_FLAGS = "--identifier=derrick.ui.Daemon";
				PRODUCT_BUNDLE_IDENTIFIER = derrick.ui.Daemon;
				PRODUCT_NAME = JobKeepAlive;
				SKIP_INSTALL = YES;
				SWIFT_APPROACHABLE_CONCURRENCY = YES;
				SWIFT_VERSION = 6.0;
			};
			name = Release;
		};
		DEMC10072A00000000MC001 /* Debug configuration for PBXNativeTarget "MCPService" */ = {
			isa = XCBuildConfiguration;
			buildSettings = {
				CODE_SIGN_ENTITLEMENTS = MCPService/MCPService.entitlements;
				CODE_SIGN_STYLE = Automatic;
				CURRENT_PROJECT_VERSION = 1;
				DEAD_CODE_STRIPPING = YES;
				DEVELOPMENT_TEAM = VUSK4B2YKQ;
				GENERATE_INFOPLIST_FILE = NO;
				INFOPLIST_FILE = MCPService/Info.plist;
				MACOSX_DEPLOYMENT_TARGET = 15.6;
				MARKETING_VERSION = 1.0;
				PRODUCT_BUNDLE_IDENTIFIER = derrick.ui.MCPService;
				PRODUCT_NAME = MCPService;
				SKIP_INSTALL = YES;
				SWIFT_APPROACHABLE_CONCURRENCY = YES;
				SWIFT_VERSION = 6.0;
			};
			name = Debug;
		};
		DEMC10082A00000000MC001 /* Release configuration for PBXNativeTarget "MCPService" */ = {
			isa = XCBuildConfiguration;
			buildSettings = {
				CODE_SIGN_ENTITLEMENTS = MCPService/MCPService.entitlements;
				CODE_SIGN_STYLE = Automatic;
				CURRENT_PROJECT_VERSION = 1;
				DEAD_CODE_STRIPPING = YES;
				DEVELOPMENT_TEAM = VUSK4B2YKQ;
				GENERATE_INFOPLIST_FILE = NO;
				INFOPLIST_FILE = MCPService/Info.plist;
				MACOSX_DEPLOYMENT_TARGET = 15.6;
				MARKETING_VERSION = 1.0;
				PRODUCT_BUNDLE_IDENTIFIER = derrick.ui.MCPService;
				PRODUCT_NAME = MCPService;
				SKIP_INSTALL = YES;
				SWIFT_APPROACHABLE_CONCURRENCY = YES;
				SWIFT_VERSION = 6.0;
			};
			name = Release;
		};
/* End XCBuildConfiguration section */

/* Begin XCConfigurationList section */
		DE1B9F012FEB74250042F227 /* Build configuration list for PBXProject "ui" */ = {
			isa = XCConfigurationList;
			buildConfigurations = (
				DE1B9F232FEB74260042F227 /* Debug configuration for PBXProject "ui" */,
				DE1B9F242FEB74260042F227 /* Release configuration for PBXProject "ui" */,
			);
			defaultConfigurationName = Release;
		};
		DE1B9F252FEB74260042F227 /* Build configuration list for PBXNativeTarget "ui" */ = {
			isa = XCConfigurationList;
			buildConfigurations = (
				DE1B9F262FEB74260042F227 /* Debug configuration for PBXNativeTarget "ui" */,
				DE1B9F272FEB74260042F227 /* Release configuration for PBXNativeTarget "ui" */,
			);
			defaultConfigurationName = Release;
		};
		DE1B9F282FEB74260042F227 /* Build configuration list for PBXNativeTarget "uiTests" */ = {
			isa = XCConfigurationList;
			buildConfigurations = (
				DE1B9F292FEB74260042F227 /* Debug configuration for PBXNativeTarget "uiTests" */,
				DE1B9F2A2FEB74260042F227 /* Release configuration for PBXNativeTarget "uiTests" */,
			);
			defaultConfigurationName = Release;
		};
		DE1B9F2B2FEB74260042F227 /* Build configuration list for PBXNativeTarget "uiUITests" */ = {
			isa = XCConfigurationList;
			buildConfigurations = (
				DE1B9F2C2FEB74260042F227 /* Debug configuration for PBXNativeTarget "uiUITests" */,
				DE1B9F2D2FEB74260042F227 /* Release configuration for PBXNativeTarget "uiUITests" */,
			);
			defaultConfigurationName = Release;
		};
		DEAA10092FFF00000042F228 /* Build configuration list for PBXNativeTarget "DockerRunnerHelper" */ = {
			isa = XCConfigurationList;
			buildConfigurations = (
				DEAA10072FFF00000042F228 /* Debug configuration for PBXNativeTarget "DockerRunnerHelper" */,
				DEAA10082FFF00000042F228 /* Release configuration for PBXNativeTarget "DockerRunnerHelper" */,
			);
			defaultConfigurationName = Release;
		};
		DEAS10092A00000000AS001 /* Build configuration list for PBXNativeTarget "AgentService" */ = {
			isa = XCConfigurationList;
			buildConfigurations = (
				DEAS10072A00000000AS001 /* Debug configuration for PBXNativeTarget "AgentService" */,
				DEAS10082A00000000AS001 /* Release configuration for PBXNativeTarget "AgentService" */,
			);
			defaultConfigurationName = Release;
		};
		DEJB10092A00000000JB001 /* Build configuration list for PBXNativeTarget "JobService" */ = {
			isa = XCConfigurationList;
			buildConfigurations = (
				DEJB10072A00000000JB001 /* Debug configuration for PBXNativeTarget "JobService" */,
				DEJB10082A00000000JB001 /* Release configuration for PBXNativeTarget "JobService" */,
			);
			defaultConfigurationName = Release;
		};
		DEKA100A2A00000000KA001 /* Build configuration list for PBXNativeTarget "JobKeepAlive" */ = {
			isa = XCConfigurationList;
			buildConfigurations = (
				DEKA10082A00000000KA001 /* Debug configuration for PBXNativeTarget "JobKeepAlive" */,
				DEKA10092A00000000KA001 /* Release configuration for PBXNativeTarget "JobKeepAlive" */,
			);
			defaultConfigurationName = Release;
		};
		DEMC10092A00000000MC001 /* Build configuration list for PBXNativeTarget "MCPService" */ = {
			isa = XCConfigurationList;
			buildConfigurations = (
				DEMC10072A00000000MC001 /* Debug configuration for PBXNativeTarget "MCPService" */,
				DEMC10082A00000000MC001 /* Release configuration for PBXNativeTarget "MCPService" */,
			);
			defaultConfigurationName = Release;
		};
/* End XCConfigurationList section */

/* Begin XCLocalSwiftPackageReference section */
		DE1B9F342FEB7AE80042F227 /* XCLocalSwiftPackageReference "../packages/LLMAgentClient" */ = {
			isa = XCLocalSwiftPackageReference;
			relativePath = ../packages/LLMAgentClient;
		};
		DE1B9F392FEB7AE80042F227 /* XCLocalSwiftPackageReference "../packages/DBRepository" */ = {
			isa = XCLocalSwiftPackageReference;
			relativePath = ../packages/DBRepository;
		};
		DE5073372FF6FCA600D95676 /* XCLocalSwiftPackageReference "../packages/MCPClient" */ = {
			isa = XCLocalSwiftPackageReference;
			relativePath = ../packages/MCPClient;
		};
		DE50733A2FF6FCAF00D95676 /* XCLocalSwiftPackageReference "../packages/MCPServer" */ = {
			isa = XCLocalSwiftPackageReference;
			relativePath = ../packages/MCPServer;
		};
		DEAE00053010000000AE001 /* XCLocalSwiftPackageReference "../packages/AppEvents" */ = {
			isa = XCLocalSwiftPackageReference;
			relativePath = ../packages/AppEvents;
		};
		DEAE00063010000000AE001 /* XCLocalSwiftPackageReference "../packages/PolicyUserInteraction" */ = {
			isa = XCLocalSwiftPackageReference;
			relativePath = ../packages/PolicyUserInteraction;
		};
		DEAR00032A00000000AR001 /* XCLocalSwiftPackageReference "../packages/AgentRuntime" */ = {
			isa = XCLocalSwiftPackageReference;
			relativePath = ../packages/AgentRuntime;
		};
		DED0C0012A0000000042F230 /* XCLocalSwiftPackageReference "../packages/DockerRunnerXPC" */ = {
			isa = XCLocalSwiftPackageReference;
			relativePath = ../packages/DockerRunnerXPC;
		};
		DED0C0102A0000000042F240 /* XCLocalSwiftPackageReference "../packages/MCPToolCatalog" */ = {
			isa = XCLocalSwiftPackageReference;
			relativePath = ../packages/MCPToolCatalog;
		};
		DEDBK0012A00000000BK001 /* XCLocalSwiftPackageReference "../packages/DerrickBackend" */ = {
			isa = XCLocalSwiftPackageReference;
			relativePath = ../packages/DerrickBackend;
		};
		DEE6B0033010000000E6B001 /* XCLocalSwiftPackageReference "../packages/EgressProxy" */ = {
			isa = XCLocalSwiftPackageReference;
			relativePath = ../packages/EgressProxy;
		};
		DEF685FF300A71F600165A82 /* XCLocalSwiftPackageReference "../packages/Lib" */ = {
			isa = XCLocalSwiftPackageReference;
			relativePath = ../packages/Lib;
		};
		DEJB10302A00000000JB001 /* XCLocalSwiftPackageReference "../packages/ServiceEnsureUp" */ = {
			isa = XCLocalSwiftPackageReference;
			relativePath = ../packages/ServiceEnsureUp;
		};
		DEPL00012A00000000PL001 /* XCLocalSwiftPackageReference "../packages/Plugin" */ = {
			isa = XCLocalSwiftPackageReference;
			relativePath = ../packages/Plugin;
		};
		DEPR00032A00000000PR001 /* XCLocalSwiftPackageReference "../packages/PolicyRuntime" */ = {
			isa = XCLocalSwiftPackageReference;
			relativePath = ../packages/PolicyRuntime;
		};
		DESC00052A00000000SC001 /* XCLocalSwiftPackageReference "../packages/ServiceContracts" */ = {
			isa = XCLocalSwiftPackageReference;
			relativePath = ../packages/ServiceContracts;
		};
/* End XCLocalSwiftPackageReference section */

/* Begin XCRemoteSwiftPackageReference section */
		DEF685FC30096EB600165A82 /* XCRemoteSwiftPackageReference "PartialJSON" */ = {
			isa = XCRemoteSwiftPackageReference;
			repositoryURL = "https://github.com/itruf/PartialJSON.git";
			requirement = {
				kind = upToNextMajorVersion;
				minimumVersion = 0.0.2;
			};
		};
/* End XCRemoteSwiftPackageReference section */

/* Begin XCSwiftPackageProductDependency section */
		DE1B9F352FEB7AE80042F227 /* LLMAgentClient */ = {
			isa = XCSwiftPackageProductDependency;
			productName = LLMAgentClient;
		};
		DE1B9F372FEB7AE80042F227 /* DBRepository */ = {
			isa = XCSwiftPackageProductDependency;
			productName = DBRepository;
		};
		DE5073382FF6FCA600D95676 /* MCPClient */ = {
			isa = XCSwiftPackageProductDependency;
			productName = MCPClient;
		};
		DE50733B2FF6FCAF00D95676 /* MCPServer */ = {
			isa = XCSwiftPackageProductDependency;
			productName = MCPServer;
		};
		DEAE00023010000000AE001 /* AppEvents */ = {
			isa = XCSwiftPackageProductDependency;
			productName = AppEvents;
		};
		DEAE00043010000000AE001 /* PolicyUserInteraction */ = {
			isa = XCSwiftPackageProductDependency;
			productName = PolicyUserInteraction;
		};
		DEAR00022A00000000AR001 /* AgentRuntime */ = {
			isa = XCSwiftPackageProductDependency;
			productName = AgentRuntime;
		};
		DEAS10112A00000000AS001 /* LLMAgentClient */ = {
			isa = XCSwiftPackageProductDependency;
			productName = LLMAgentClient;
		};
		DEAS10132A00000000AS001 /* MCPClient */ = {
			isa = XCSwiftPackageProductDependency;
			productName = MCPClient;
		};
		DEAS10152A00000000AS001 /* MCPServer */ = {
			isa = XCSwiftPackageProductDependency;
			productName = MCPServer;
		};
		DEAS10172A00000000AS001 /* MCPToolCatalog */ = {
			isa = XCSwiftPackageProductDependency;
			productName = MCPToolCatalog;
		};
		DEAS10192A00000000AS001 /* AgentRuntime */ = {
			isa = XCSwiftPackageProductDependency;
			productName = AgentRuntime;
		};
		DEAS101B2A00000000AS001 /* PolicyRuntime */ = {
			isa = XCSwiftPackageProductDependency;
			productName = PolicyRuntime;
		};
		DEAS101D2A00000000AS001 /* AppEvents */ = {
			isa = XCSwiftPackageProductDependency;
			productName = AppEvents;
		};
		DEAS101F2A00000000AS001 /* PolicyUserInteraction */ = {
			isa = XCSwiftPackageProductDependency;
			productName = PolicyUserInteraction;
		};
		DEAS10212A00000000AS001 /* PartialJSON */ = {
			isa = XCSwiftPackageProductDependency;
			package = DEF685FC30096EB600165A82 /* XCRemoteSwiftPackageReference "PartialJSON" */;
			productName = PartialJSON;
		};
		DEAS10232A00000000AS001 /* Lib */ = {
			isa = XCSwiftPackageProductDependency;
			productName = Lib;
		};
		DEAS10252A00000000AS001 /* EgressProxy */ = {
			isa = XCSwiftPackageProductDependency;
			productName = EgressProxy;
		};
		DEAS10272A00000000AS001 /* DerrickBackend */ = {
			isa = XCSwiftPackageProductDependency;
			package = DEDBK0012A00000000BK001 /* XCLocalSwiftPackageReference "../packages/DerrickBackend" */;
			productName = DerrickBackend;
		};
		DECF6280300ED94C00E1757D /* Plugin */ = {
			isa = XCSwiftPackageProductDependency;
			package = DEPL00012A00000000PL001 /* XCLocalSwiftPackageReference "../packages/Plugin" */;
			productName = Plugin;
		};
		DECF6283300ED9AC00E1757D /* Plugin */ = {
			isa = XCSwiftPackageProductDependency;
			package = DEPL00012A00000000PL001 /* XCLocalSwiftPackageReference "../packages/Plugin" */;
			productName = Plugin;
		};
		DED0C0022A0000000042F230 /* DockerRunnerXPC */ = {
			isa = XCSwiftPackageProductDependency;
			productName = DockerRunnerXPC;
		};
		DED0C0032A0000000042F230 /* DockerRunnerXPC */ = {
			isa = XCSwiftPackageProductDependency;
			productName = DockerRunnerXPC;
		};
		DED0C0112A0000000042F240 /* MCPToolCatalog */ = {
			isa = XCSwiftPackageProductDependency;
			productName = MCPToolCatalog;
		};
		DEDB00022A00000000DB001 /* DBRepository */ = {
			isa = XCSwiftPackageProductDependency;
			productName = DBRepository;
		};
		DEE6B0023010000000E6B001 /* EgressProxy */ = {
			isa = XCSwiftPackageProductDependency;
			productName = EgressProxy;
		};
		DEE6B0053010000000E6B001 /* EgressProxy */ = {
			isa = XCSwiftPackageProductDependency;
			productName = EgressProxy;
		};
		DEF685FD30096EB600165A82 /* PartialJSON */ = {
			isa = XCSwiftPackageProductDependency;
			package = DEF685FC30096EB600165A82 /* XCRemoteSwiftPackageReference "PartialJSON" */;
			productName = PartialJSON;
		};
		DEF68600300A71F600165A82 /* Lib */ = {
			isa = XCSwiftPackageProductDependency;
			productName = Lib;
		};
		DEJB10202A00000000JB001 /* ServiceContracts */ = {
			isa = XCSwiftPackageProductDependency;
			productName = ServiceContracts;
		};
		DEJB10212A00000000JB001 /* DBRepository */ = {
			isa = XCSwiftPackageProductDependency;
			productName = DBRepository;
		};
		DEJB10222A00000000JB001 /* DockerRunnerXPC */ = {
			isa = XCSwiftPackageProductDependency;
			productName = DockerRunnerXPC;
		};
		DEJB10232A00000000JB001 /* ServiceEnsureUp */ = {
			isa = XCSwiftPackageProductDependency;
			package = DEJB10302A00000000JB001 /* XCLocalSwiftPackageReference "../packages/ServiceEnsureUp" */;
			productName = ServiceEnsureUp;
		};
		DEKA10202A00000000KA001 /* ServiceContracts */ = {
			isa = XCSwiftPackageProductDependency;
			package = DESC00052A00000000SC001 /* XCLocalSwiftPackageReference "../packages/ServiceContracts" */;
			productName = ServiceContracts;
		};
		DEKA10212A00000000KA001 /* DockerRunnerXPC */ = {
			isa = XCSwiftPackageProductDependency;
			package = DED0C0012A0000000042F230 /* XCLocalSwiftPackageReference "../packages/DockerRunnerXPC" */;
			productName = DockerRunnerXPC;
		};
		DEKA10232A00000000KA002 /* DBRepository */ = {
			isa = XCSwiftPackageProductDependency;
			productName = DBRepository;
		};
		DEKA10252A00000000KA003 /* DerrickBackend */ = {
			isa = XCSwiftPackageProductDependency;
			package = DEDBK0012A00000000BK001 /* XCLocalSwiftPackageReference "../packages/DerrickBackend" */;
			productName = DerrickBackend;
		};
		DEMC10202A00000000MC001 /* ServiceContracts */ = {
			isa = XCSwiftPackageProductDependency;
			productName = ServiceContracts;
		};
		DEMC10212A00000000MC001 /* DBRepository */ = {
			isa = XCSwiftPackageProductDependency;
			productName = DBRepository;
		};
		DEMC10222A00000000MC001 /* MCPClient */ = {
			isa = XCSwiftPackageProductDependency;
			productName = MCPClient;
		};
		DEMC10232A00000000MC001 /* MCPServer */ = {
			isa = XCSwiftPackageProductDependency;
			productName = MCPServer;
		};
		DEMC10242A00000000MC001 /* MCPToolCatalog */ = {
			isa = XCSwiftPackageProductDependency;
			productName = MCPToolCatalog;
		};
		DEMC10252A00000000MC001 /* DockerRunnerXPC */ = {
			isa = XCSwiftPackageProductDependency;
			productName = DockerRunnerXPC;
		};
		DEMC10262A00000000MC001 /* Lib */ = {
			isa = XCSwiftPackageProductDependency;
			productName = Lib;
		};
		DEMC10272A00000000MC001 /* LLMAgentClient */ = {
			isa = XCSwiftPackageProductDependency;
			package = DE1B9F342FEB7AE80042F227 /* XCLocalSwiftPackageReference "../packages/LLMAgentClient" */;
			productName = LLMAgentClient;
		};
		DEPR00022A00000000PR001 /* PolicyRuntime */ = {
			isa = XCSwiftPackageProductDependency;
			productName = PolicyRuntime;
		};
		DESC00022A00000000SC001 /* ServiceContracts */ = {
			isa = XCSwiftPackageProductDependency;
			productName = ServiceContracts;
		};
		DESC00042A00000000SC001 /* ServiceContracts */ = {
			isa = XCSwiftPackageProductDependency;
			productName = ServiceContracts;
		};
		DEUISE0022A00000000SE001 /* ServiceEnsureUp */ = {
			isa = XCSwiftPackageProductDependency;
			package = DEJB10302A00000000JB001 /* XCLocalSwiftPackageReference "../packages/ServiceEnsureUp" */;
			productName = ServiceEnsureUp;
		};
/* End XCSwiftPackageProductDependency section */
	};
	rootObject = DE1B9EFE2FEB74250042F227 /* Project object */;
	validationLevel = 1;
}
